// !$*UTF8*$!
{
	archiveVersion = 1;
	classes = {
	};
	objectVersion = 55;
	objects = {

/* Begin PBXBuildFile section */
		3A20646127A2907300D4ABDE /* late_middle.png in Resources */ = {isa = PBXBuildFile; fileRef = 3A20620627A2904D00D4ABDE /* late_middle.png */; };
		3A20646827A2907300D4ABDE /* nervous_bottom.png in Resources */ = {isa = PBXBuildFile; fileRef = 3A20620D27A2904D00D4ABDE /* nervous_bottom.png */; };
		3A20646B27A2907300D4ABDE /* nerd-3_bottom.png in Resources */ = {isa = PBXBuildFile; fileRef = 3A20621027A2904D00D4ABDE /* nerd-3_bottom.png */; };
		3A20647127A2907300D4ABDE /* sweat-1_top.png in Resources */ = {isa = PBXBuildFile; fileRef = 3A20621627A2904E00D4ABDE /* sweat-1_top.png */; };
		3A20647327A2907300D4ABDE /* pirate_bottom.png in Resources */ = {isa = PBXBuildFile; fileRef = 3A20621827A2904E00D4ABDE /* pirate_bottom.png */; };
		3A20647427A2907300D4ABDE /* sweat_top.png in Resources */ = {isa = PBXBuildFile; fileRef = 3A20621927A2904E00D4ABDE /* sweat_top.png */; };
		3A20647927A2907300D4ABDE /* nerd-5_bottom.png in Resources */ = {isa = PBXBuildFile; fileRef = 3A20621E27A2904E00D4ABDE /* nerd-5_bottom.png */; };
		3A20647B27A2907300D4ABDE /* pain_top.png in Resources */ = {isa = PBXBuildFile; fileRef = 3A20622027A2904E00D4ABDE /* pain_top.png */; };
		3A20647F27A2907300D4ABDE /* police_top.png in Resources */ = {isa = PBXBuildFile; fileRef = 3A20622427A2904E00D4ABDE /* police_top.png */; };
		3A20648827A2907300D4ABDE /* surprised-2_middle.png in Resources */ = {isa = PBXBuildFile; fileRef = 3A20622D27A2904F00D4ABDE /* surprised-2_middle.png */; };
		3A20648C27A2907300D4ABDE /* popcorn_top.png in Resources */ = {isa = PBXBuildFile; fileRef = 3A20623127A2904F00D4ABDE /* popcorn_top.png */; };
		3A20649127A2907300D4ABDE /* smile_bottom.png in Resources */ = {isa = PBXBuildFile; fileRef = 3A20623627A2904F00D4ABDE /* smile_bottom.png */; };
		3A20649627A2907300D4ABDE /* nervous_middle.png in Resources */ = {isa = PBXBuildFile; fileRef = 3A20623B27A2904F00D4ABDE /* nervous_middle.png */; };
		3A20649827A2907300D4ABDE /* sleepy_middle.png in Resources */ = {isa = PBXBuildFile; fileRef = 3A20623D27A2904F00D4ABDE /* sleepy_middle.png */; };
		3A20649927A2907300D4ABDE /* tongue-1_top.png in Resources */ = {isa = PBXBuildFile; fileRef = 3A20623E27A2905000D4ABDE /* tongue-1_top.png */; };
		3A20649F27A2907300D4ABDE /* thinking_bottom.png in Resources */ = {isa = PBXBuildFile; fileRef = 3A20624427A2905000D4ABDE /* thinking_bottom.png */; };
		3A2064A527A2907300D4ABDE /* nervous-2_middle.png in Resources */ = {isa = PBXBuildFile; fileRef = 3A20624A27A2905000D4ABDE /* nervous-2_middle.png */; };
		3A2064AB27A2907300D4ABDE /* surprised-7_top.png in Resources */ = {isa = PBXBuildFile; fileRef = 3A20625027A2905000D4ABDE /* surprised-7_top.png */; };
		3A2064B227A2907300D4ABDE /* star_bottom.png in Resources */ = {isa = PBXBuildFile; fileRef = 3A20625727A2905100D4ABDE /* star_bottom.png */; };
		3A2064B427A2907300D4ABDE /* tongue_top.png in Resources */ = {isa = PBXBuildFile; fileRef = 3A20625927A2905100D4ABDE /* tongue_top.png */; };
		3A2064B927A2907300D4ABDE /* surprised-5_top.png in Resources */ = {isa = PBXBuildFile; fileRef = 3A20625E27A2905100D4ABDE /* surprised-5_top.png */; };
		3A2064BA27A2907300D4ABDE /* surprised-8_middle.png in Resources */ = {isa = PBXBuildFile; fileRef = 3A20625F27A2905100D4ABDE /* surprised-8_middle.png */; };
		3A2064C227A2907300D4ABDE /* surprised-9_top.png in Resources */ = {isa = PBXBuildFile; fileRef = 3A20626727A2905300D4ABDE /* surprised-9_top.png */; };
		3A2064C327A2907300D4ABDE /* laughing_bottom.png in Resources */ = {isa = PBXBuildFile; fileRef = 3A20626827A2905300D4ABDE /* laughing_bottom.png */; };
		3A2064C427A2907300D4ABDE /* surprised-9_middle.png in Resources */ = {isa = PBXBuildFile; fileRef = 3A20626927A2905300D4ABDE /* surprised-9_middle.png */; };
		3A2064C727A2907300D4ABDE /* nerd-8_middle.png in Resources */ = {isa = PBXBuildFile; fileRef = 3A20626C27A2905300D4ABDE /* nerd-8_middle.png */; };
		3A2064C827A2907300D4ABDE /* police_bottom.png in Resources */ = {isa = PBXBuildFile; fileRef = 3A20626D27A2905400D4ABDE /* police_bottom.png */; };
		3A2064D227A2907300D4ABDE /* smart-1_middle.png in Resources */ = {isa = PBXBuildFile; fileRef = 3A20627727A2905400D4ABDE /* smart-1_middle.png */; };
		3A2064D327A2907300D4ABDE /* thief_middle.png in Resources */ = {isa = PBXBuildFile; fileRef = 3A20627827A2905400D4ABDE /* thief_middle.png */; };
		3A2064D427A2907300D4ABDE /* nerd-7_middle.png in Resources */ = {isa = PBXBuildFile; fileRef = 3A20627927A2905400D4ABDE /* nerd-7_middle.png */; };
		3A2064DC27A2907300D4ABDE /* nerd-7_bottom.png in Resources */ = {isa = PBXBuildFile; fileRef = 3A20628127A2905500D4ABDE /* nerd-7_bottom.png */; };
		3A2064E127A2907300D4ABDE /* tongue_middle.png in Resources */ = {isa = PBXBuildFile; fileRef = 3A20628627A2905500D4ABDE /* tongue_middle.png */; };
		3A2064E227A2907300D4ABDE /* tongue-4_top.png in Resources */ = {isa = PBXBuildFile; fileRef = 3A20628727A2905500D4ABDE /* tongue-4_top.png */; };
		3A2064E927A2907300D4ABDE /* nerd-5_middle.png in Resources */ = {isa = PBXBuildFile; fileRef = 3A20628E27A2905500D4ABDE /* nerd-5_middle.png */; };
		3A2064EA27A2907300D4ABDE /* outrage_top.png in Resources */ = {isa = PBXBuildFile; fileRef = 3A20628F27A2905500D4ABDE /* outrage_top.png */; };
		3A2064EB27A2907300D4ABDE /* thinking-2_bottom.png in Resources */ = {isa = PBXBuildFile; fileRef = 3A20629027A2905500D4ABDE /* thinking-2_bottom.png */; };
		3A2064EF27A2907300D4ABDE /* surprised-7_bottom.png in Resources */ = {isa = PBXBuildFile; fileRef = 3A20629427A2905600D4ABDE /* surprised-7_bottom.png */; };
		3A2064F027A2907300D4ABDE /* nerd-8_top.png in Resources */ = {isa = PBXBuildFile; fileRef = 3A20629527A2905600D4ABDE /* nerd-8_top.png */; };
		3A2064F127A2907300D4ABDE /* popcorn_bottom.png in Resources */ = {isa = PBXBuildFile; fileRef = 3A20629627A2905600D4ABDE /* popcorn_bottom.png */; };
		3A2064F327A2907300D4ABDE /* smile_middle.png in Resources */ = {isa = PBXBuildFile; fileRef = 3A20629827A2905600D4ABDE /* smile_middle.png */; };
		3A20650627A2907300D4ABDE /* pirate_middle.png in Resources */ = {isa = PBXBuildFile; fileRef = 3A2062AB27A2905700D4ABDE /* pirate_middle.png */; };
		3A20650A27A2907300D4ABDE /* tongue-3_middle.png in Resources */ = {isa = PBXBuildFile; fileRef = 3A2062AF27A2905700D4ABDE /* tongue-3_middle.png */; };
		3A20651027A2907300D4ABDE /* tired-2_top.png in Resources */ = {isa = PBXBuildFile; fileRef = 3A2062B527A2905700D4ABDE /* tired-2_top.png */; };
		3A20651327A2907300D4ABDE /* pirate-1_bottom.png in Resources */ = {isa = PBXBuildFile; fileRef = 3A2062B827A2905700D4ABDE /* pirate-1_bottom.png */; };
		3A20651B27A2907300D4ABDE /* nervous-1_middle.png in Resources */ = {isa = PBXBuildFile; fileRef = 3A2062C027A2905800D4ABDE /* nervous-1_middle.png */; };
		3A20651D27A2907300D4ABDE /* nervous-1_top.png in Resources */ = {isa = PBXBuildFile; fileRef = 3A2062C227A2905800D4ABDE /* nervous-1_top.png */; };
		3A20652127A2907300D4ABDE /* rich_bottom.png in Resources */ = {isa = PBXBuildFile; fileRef = 3A2062C627A2905800D4ABDE /* rich_bottom.png */; };
		3A20652227A2907300D4ABDE /* tired_top.png in Resources */ = {isa = PBXBuildFile; fileRef = 3A2062C727A2905800D4ABDE /* tired_top.png */; };
		3A20652627A2907300D4ABDE /* tired_middle.png in Resources */ = {isa = PBXBuildFile; fileRef = 3A2062CB27A2905800D4ABDE /* tired_middle.png */; };
		3A20652B27A2907300D4ABDE /* nervous-1_bottom.png in Resources */ = {isa = PBXBuildFile; fileRef = 3A2062D027A2905900D4ABDE /* nervous-1_bottom.png */; };
		3A20652C27A2907300D4ABDE /* tongue-3_bottom.png in Resources */ = {isa = PBXBuildFile; fileRef = 3A2062D127A2905900D4ABDE /* tongue-3_bottom.png */; };
		3A20653127A2907300D4ABDE /* pirate-1_top.png in Resources */ = {isa = PBXBuildFile; fileRef = 3A2062D627A2905900D4ABDE /* pirate-1_top.png */; };
		3A20653227A2907300D4ABDE /* surprised-3_top.png in Resources */ = {isa = PBXBuildFile; fileRef = 3A2062D727A2905900D4ABDE /* surprised-3_top.png */; };
		3A20653427A2907300D4ABDE /* popcorn_middle.png in Resources */ = {isa = PBXBuildFile; fileRef = 3A2062D927A2905900D4ABDE /* popcorn_middle.png */; };
		3A20653727A2907300D4ABDE /* surprised-3_bottom.png in Resources */ = {isa = PBXBuildFile; fileRef = 3A2062DC27A2905900D4ABDE /* surprised-3_bottom.png */; };
		3A20653927A2907300D4ABDE /* nerd-5_top.png in Resources */ = {isa = PBXBuildFile; fileRef = 3A2062DE27A2905900D4ABDE /* nerd-5_top.png */; };
		3A20653B27A2907300D4ABDE /* surprised-4_top.png in Resources */ = {isa = PBXBuildFile; fileRef = 3A2062E027A2905900D4ABDE /* surprised-4_top.png */; };
		3A20653C27A2907300D4ABDE /* surprised-5_middle.png in Resources */ = {isa = PBXBuildFile; fileRef = 3A2062E127A2905A00D4ABDE /* surprised-5_middle.png */; };
		3A20653E27A2907300D4ABDE /* tired-1_top.png in Resources */ = {isa = PBXBuildFile; fileRef = 3A2062E327A2905A00D4ABDE /* tired-1_top.png */; };
		3A20654227A2907300D4ABDE /* late_top.png in Resources */ = {isa = PBXBuildFile; fileRef = 3A2062E727A2905A00D4ABDE /* late_top.png */; };
		3A20654327A2907300D4ABDE /* pirate_top.png in Resources */ = {isa = PBXBuildFile; fileRef = 3A2062E827A2905A00D4ABDE /* pirate_top.png */; };
		3A20654627A2907300D4ABDE /* tongue-1_middle.png in Resources */ = {isa = PBXBuildFile; fileRef = 3A2062EB27A2905A00D4ABDE /* tongue-1_middle.png */; };
		3A20654927A2907300D4ABDE /* surprised-7_middle.png in Resources */ = {isa = PBXBuildFile; fileRef = 3A2062EE27A2905A00D4ABDE /* surprised-7_middle.png */; };
		3A20654C27A2907300D4ABDE /* nerd-6_top.png in Resources */ = {isa = PBXBuildFile; fileRef = 3A2062F127A2905B00D4ABDE /* nerd-6_top.png */; };
		3A20654D27A2907300D4ABDE /* nerd-9_top.png in Resources */ = {isa = PBXBuildFile; fileRef = 3A2062F227A2905B00D4ABDE /* nerd-9_top.png */; };
		3A20655727A2907300D4ABDE /* sun_middle.png in Resources */ = {isa = PBXBuildFile; fileRef = 3A2062FC27A2905B00D4ABDE /* sun_middle.png */; };
		3A20655827A2907300D4ABDE /* smile-1_bottom.png in Resources */ = {isa = PBXBuildFile; fileRef = 3A2062FD27A2905B00D4ABDE /* smile-1_bottom.png */; };
		3A20655B27A2907300D4ABDE /* pain_middle.png in Resources */ = {isa = PBXBuildFile; fileRef = 3A20630027A2905B00D4ABDE /* pain_middle.png */; };
		3A20655F27A2907300D4ABDE /* sweat_middle.png in Resources */ = {isa = PBXBuildFile; fileRef = 3A20630427A2905C00D4ABDE /* sweat_middle.png */; };
		3A20656827A2907300D4ABDE /* tired-1_middle.png in Resources */ = {isa = PBXBuildFile; fileRef = 3A20630D27A2905C00D4ABDE /* tired-1_middle.png */; };
		3A20656927A2907300D4ABDE /* smart_bottom.png in Resources */ = {isa = PBXBuildFile; fileRef = 3A20630E27A2905C00D4ABDE /* smart_bottom.png */; };
		3A20657427A2907300D4ABDE /* phone-call_middle.png in Resources */ = {isa = PBXBuildFile; fileRef = 3A20631927A2905D00D4ABDE /* phone-call_middle.png */; };
		3A20657527A2907300D4ABDE /* nervous-2_bottom.png in Resources */ = {isa = PBXBuildFile; fileRef = 3A20631A27A2905D00D4ABDE /* nervous-2_bottom.png */; };
		3A20657727A2907300D4ABDE /* nerd-6_bottom.png in Resources */ = {isa = PBXBuildFile; fileRef = 3A20631C27A2905D00D4ABDE /* nerd-6_bottom.png */; };
		3A20657D27A2907300D4ABDE /* tired_bottom.png in Resources */ = {isa = PBXBuildFile; fileRef = 3A20632227A2905D00D4ABDE /* tired_bottom.png */; };
		3A20658627A2907300D4ABDE /* surprised_middle.png in Resources */ = {isa = PBXBuildFile; fileRef = 3A20632B27A2905E00D4ABDE /* surprised_middle.png */; };
		3A20658A27A2907300D4ABDE /* police_middle.png in Resources */ = {isa = PBXBuildFile; fileRef = 3A20632F27A2905E00D4ABDE /* police_middle.png */; };
		3A20658B27A2907300D4ABDE /* surprised-1_middle.png in Resources */ = {isa = PBXBuildFile; fileRef = 3A20633027A2905E00D4ABDE /* surprised-1_middle.png */; };
		3A20659227A2907300D4ABDE /* nerd-3_top.png in Resources */ = {isa = PBXBuildFile; fileRef = 3A20633727A2905F00D4ABDE /* nerd-3_top.png */; };
		3A20659827A2907300D4ABDE /* nerd-8_bottom.png in Resources */ = {isa = PBXBuildFile; fileRef = 3A20633D27A2905F00D4ABDE /* nerd-8_bottom.png */; };
		3A2065A027A2907300D4ABDE /* tired-2_middle.png in Resources */ = {isa = PBXBuildFile; fileRef = 3A20634527A2905F00D4ABDE /* tired-2_middle.png */; };
		3A2065A327A2907300D4ABDE /* thinking-1_bottom.png in Resources */ = {isa = PBXBuildFile; fileRef = 3A20634827A2906000D4ABDE /* thinking-1_bottom.png */; };
		3A2065A927A2907300D4ABDE /* nervous_top.png in Resources */ = {isa = PBXBuildFile; fileRef = 3A20634E27A2906000D4ABDE /* nervous_top.png */; };
		3A2065AD27A2907300D4ABDE /* surprised_bottom.png in Resources */ = {isa = PBXBuildFile; fileRef = 3A20635227A2906100D4ABDE /* surprised_bottom.png */; };
		3A2065B527A2907300D4ABDE /* surprised-8_top.png in Resources */ = {isa = PBXBuildFile; fileRef = 3A20635A27A2906200D4ABDE /* surprised-8_top.png */; };
		3A2065B927A2907300D4ABDE /* surprised-8_bottom.png in Resources */ = {isa = PBXBuildFile; fileRef = 3A20635E27A2906200D4ABDE /* surprised-8_bottom.png */; };
		3A2065BA27A2907300D4ABDE /* sweat-1_middle.png in Resources */ = {isa = PBXBuildFile; fileRef = 3A20635F27A2906200D4ABDE /* sweat-1_middle.png */; };
		3A2065BD27A2907300D4ABDE /* nerd-4_top.png in Resources */ = {isa = PBXBuildFile; fileRef = 3A20636227A2906200D4ABDE /* nerd-4_top.png */; };
		3A2065CB27A2907300D4ABDE /* surprised-1_bottom.png in Resources */ = {isa = PBXBuildFile; fileRef = 3A20637027A2906400D4ABDE /* surprised-1_bottom.png */; };
		3A2065D027A2907300D4ABDE /* star_top.png in Resources */ = {isa = PBXBuildFile; fileRef = 3A20637527A2906400D4ABDE /* star_top.png */; };
		3A2065D627A2907300D4ABDE /* tongue-2_bottom.png in Resources */ = {isa = PBXBuildFile; fileRef = 3A20637B27A2906500D4ABDE /* tongue-2_bottom.png */; };
		3A2065DD27A2907300D4ABDE /* pain_bottom.png in Resources */ = {isa = PBXBuildFile; fileRef = 3A20638227A2906500D4ABDE /* pain_bottom.png */; };
		3A2065DE27A2907300D4ABDE /* nervous-2_top.png in Resources */ = {isa = PBXBuildFile; fileRef = 3A20638327A2906500D4ABDE /* nervous-2_top.png */; };
		3A2065E327A2907300D4ABDE /* surprised-6_middle.png in Resources */ = {isa = PBXBuildFile; fileRef = 3A20638827A2906500D4ABDE /* surprised-6_middle.png */; };
		3A2065E627A2907300D4ABDE /* smile_top.png in Resources */ = {isa = PBXBuildFile; fileRef = 3A20638B27A2906500D4ABDE /* smile_top.png */; };
		3A2065E727A2907300D4ABDE /* tongue-4_middle.png in Resources */ = {isa = PBXBuildFile; fileRef = 3A20638C27A2906500D4ABDE /* tongue-4_middle.png */; };
		3A2065E927A2907300D4ABDE /* surprised-2_bottom.png in Resources */ = {isa = PBXBuildFile; fileRef = 3A20638E27A2906500D4ABDE /* surprised-2_bottom.png */; };
		3A2065EE27A2907300D4ABDE /* phone-call_top.png in Resources */ = {isa = PBXBuildFile; fileRef = 3A20639327A2906600D4ABDE /* phone-call_top.png */; };
		3A2065F027A2907300D4ABDE /* surprised-6_top.png in Resources */ = {isa = PBXBuildFile; fileRef = 3A20639527A2906600D4ABDE /* surprised-6_top.png */; };
		3A2065F327A2907300D4ABDE /* thinking-2_middle.png in Resources */ = {isa = PBXBuildFile; fileRef = 3A20639827A2906B00D4ABDE /* thinking-2_middle.png */; };
		3A2065FB27A2907300D4ABDE /* smile-1_middle.png in Resources */ = {isa = PBXBuildFile; fileRef = 3A2063A027A2906B00D4ABDE /* smile-1_middle.png */; };
		3A20660327A2907300D4ABDE /* nurse_middle.png in Resources */ = {isa = PBXBuildFile; fileRef = 3A2063A827A2906B00D4ABDE /* nurse_middle.png */; };
		3A20660727A2907300D4ABDE /* smart-1_bottom.png in Resources */ = {isa = PBXBuildFile; fileRef = 3A2063AC27A2906B00D4ABDE /* smart-1_bottom.png */; };
		3A20660827A2907300D4ABDE /* surprised-9_bottom.png in Resources */ = {isa = PBXBuildFile; fileRef = 3A2063AD27A2906B00D4ABDE /* surprised-9_bottom.png */; };
		3A20660A27A2907300D4ABDE /* zombie_middle.png in Resources */ = {isa = PBXBuildFile; fileRef = 3A2063AF27A2906B00D4ABDE /* zombie_middle.png */; };
		3A20660F27A2907300D4ABDE /* nerd-7_top.png in Resources */ = {isa = PBXBuildFile; fileRef = 3A2063B427A2906C00D4ABDE /* nerd-7_top.png */; };
		3A20661127A2907300D4ABDE /* sweat_bottom.png in Resources */ = {isa = PBXBuildFile; fileRef = 3A2063B627A2906C00D4ABDE /* sweat_bottom.png */; };
		3A20661227A2907300D4ABDE /* tongue_bottom.png in Resources */ = {isa = PBXBuildFile; fileRef = 3A2063B727A2906C00D4ABDE /* tongue_bottom.png */; };
		3A20661727A2907300D4ABDE /* nerd-4_bottom.png in Resources */ = {isa = PBXBuildFile; fileRef = 3A2063BC27A2906C00D4ABDE /* nerd-4_bottom.png */; };
		3A20661827A2907300D4ABDE /* surprised_top.png in Resources */ = {isa = PBXBuildFile; fileRef = 3A2063BD27A2906C00D4ABDE /* surprised_top.png */; };
		3A20662427A2907300D4ABDE /* sleepy_top.png in Resources */ = {isa = PBXBuildFile; fileRef = 3A2063C927A2906D00D4ABDE /* sleepy_top.png */; };
		3A20662527A2907300D4ABDE /* thinking-1_middle.png in Resources */ = {isa = PBXBuildFile; fileRef = 3A2063CA27A2906D00D4ABDE /* thinking-1_middle.png */; };
		3A20662727A2907300D4ABDE /* nerd-4_middle.png in Resources */ = {isa = PBXBuildFile; fileRef = 3A2063CC27A2906D00D4ABDE /* nerd-4_middle.png */; };
		3A20662827A2907300D4ABDE /* phone-call_bottom.png in Resources */ = {isa = PBXBuildFile; fileRef = 3A2063CD27A2906D00D4ABDE /* phone-call_bottom.png */; };
		3A20662927A2907300D4ABDE /* outrage-1_bottom.png in Resources */ = {isa = PBXBuildFile; fileRef = 3A2063CE27A2906D00D4ABDE /* outrage-1_bottom.png */; };
		3A20662B27A2907300D4ABDE /* outrage_bottom.png in Resources */ = {isa = PBXBuildFile; fileRef = 3A2063D027A2906D00D4ABDE /* outrage_bottom.png */; };
		3A20662D27A2907300D4ABDE /* star_middle.png in Resources */ = {isa = PBXBuildFile; fileRef = 3A2063D227A2906D00D4ABDE /* star_middle.png */; };
		3A20662E27A2907300D4ABDE /* surprised-1_top.png in Resources */ = {isa = PBXBuildFile; fileRef = 3A2063D327A2906D00D4ABDE /* surprised-1_top.png */; };
		3A20663227A2907300D4ABDE /* nurse_top.png in Resources */ = {isa = PBXBuildFile; fileRef = 3A2063D727A2906D00D4ABDE /* nurse_top.png */; };
		3A20663727A2907300D4ABDE /* outrage_middle.png in Resources */ = {isa = PBXBuildFile; fileRef = 3A2063DC27A2906D00D4ABDE /* outrage_middle.png */; };
		3A20663927A2907300D4ABDE /* nerd-2_top.png in Resources */ = {isa = PBXBuildFile; fileRef = 3A2063DE27A2906E00D4ABDE /* nerd-2_top.png */; };
		3A20663E27A2907300D4ABDE /* thinking_top.png in Resources */ = {isa = PBXBuildFile; fileRef = 3A2063E327A2906E00D4ABDE /* thinking_top.png */; };
		3A20663F27A2907300D4ABDE /* tongue-1_bottom.png in Resources */ = {isa = PBXBuildFile; fileRef = 3A2063E427A2906E00D4ABDE /* tongue-1_bottom.png */; };
		3A20664027A2907300D4ABDE /* sweat-1_bottom.png in Resources */ = {isa = PBXBuildFile; fileRef = 3A2063E527A2906E00D4ABDE /* sweat-1_bottom.png */; };
		3A20664527A2907300D4ABDE /* tongue-2_middle.png in Resources */ = {isa = PBXBuildFile; fileRef = 3A2063EA27A2906E00D4ABDE /* tongue-2_middle.png */; };
		3A20664727A2907300D4ABDE /* zombie_top.png in Resources */ = {isa = PBXBuildFile; fileRef = 3A2063EC27A2906E00D4ABDE /* zombie_top.png */; };
		3A20664C27A2907300D4ABDE /* nerd-9_bottom.png in Resources */ = {isa = PBXBuildFile; fileRef = 3A2063F127A2906E00D4ABDE /* nerd-9_bottom.png */; };
		3A20665027A2907300D4ABDE /* smart_middle.png in Resources */ = {isa = PBXBuildFile; fileRef = 3A2063F527A2906F00D4ABDE /* smart_middle.png */; };
		3A20665427A2907300D4ABDE /* surprised-6_bottom.png in Resources */ = {isa = PBXBuildFile; fileRef = 3A2063F927A2906F00D4ABDE /* surprised-6_bottom.png */; };
		3A20665927A2907300D4ABDE /* thinking-2_top.png in Resources */ = {isa = PBXBuildFile; fileRef = 3A2063FE27A2906F00D4ABDE /* thinking-2_top.png */; };
		3A20665A27A2907300D4ABDE /* pirate-1_middle.png in Resources */ = {isa = PBXBuildFile; fileRef = 3A2063FF27A2906F00D4ABDE /* pirate-1_middle.png */; };
		3A20665C27A2907300D4ABDE /* surprised-2_top.png in Resources */ = {isa = PBXBuildFile; fileRef = 3A20640127A2906F00D4ABDE /* surprised-2_top.png */; };
		3A20665D27A2907300D4ABDE /* surprised-4_bottom.png in Resources */ = {isa = PBXBuildFile; fileRef = 3A20640227A2906F00D4ABDE /* surprised-4_bottom.png */; };
		3A20666027A2907300D4ABDE /* rich-1_bottom.png in Resources */ = {isa = PBXBuildFile; fileRef = 3A20640527A2906F00D4ABDE /* rich-1_bottom.png */; };
		3A20666627A2907300D4ABDE /* thief_top.png in Resources */ = {isa = PBXBuildFile; fileRef = 3A20640B27A2907000D4ABDE /* thief_top.png */; };
		3A20666727A2907300D4ABDE /* rich_middle.png in Resources */ = {isa = PBXBuildFile; fileRef = 3A20640C27A2907000D4ABDE /* rich_middle.png */; };
		3A20666827A2907300D4ABDE /* tired-2_bottom.png in Resources */ = {isa = PBXBuildFile; fileRef = 3A20640D27A2907000D4ABDE /* tired-2_bottom.png */; };
		3A20666D27A2907300D4ABDE /* surprised-4_middle.png in Resources */ = {isa = PBXBuildFile; fileRef = 3A20641227A2907000D4ABDE /* surprised-4_middle.png */; };
		3A20666F27A2907300D4ABDE /* thief_bottom.png in Resources */ = {isa = PBXBuildFile; fileRef = 3A20641427A2907000D4ABDE /* thief_bottom.png */; };
		3A20667027A2907300D4ABDE /* tired-1_bottom.png in Resources */ = {isa = PBXBuildFile; fileRef = 3A20641527A2907000D4ABDE /* tired-1_bottom.png */; };
		3A20667227A2907300D4ABDE /* surprised-3_middle.png in Resources */ = {isa = PBXBuildFile; fileRef = 3A20641727A2907000D4ABDE /* surprised-3_middle.png */; };
		3A20667327A2907300D4ABDE /* nerd-6_middle.png in Resources */ = {isa = PBXBuildFile; fileRef = 3A20641827A2907000D4ABDE /* nerd-6_middle.png */; };
		3A20667427A2907300D4ABDE /* sun_bottom.png in Resources */ = {isa = PBXBuildFile; fileRef = 3A20641927A2907000D4ABDE /* sun_bottom.png */; };
		3A20667727A2907300D4ABDE /* tongue-2_top.png in Resources */ = {isa = PBXBuildFile; fileRef = 3A20641C27A2907000D4ABDE /* tongue-2_top.png */; };
		3A20668327A2907300D4ABDE /* smart-1_top.png in Resources */ = {isa = PBXBuildFile; fileRef = 3A20642827A2907100D4ABDE /* smart-1_top.png */; };
		3A20668427A2907300D4ABDE /* tongue-4_bottom.png in Resources */ = {isa = PBXBuildFile; fileRef = 3A20642927A2907100D4ABDE /* tongue-4_bottom.png */; };
		3A20668827A2907300D4ABDE /* nerd-3_middle.png in Resources */ = {isa = PBXBuildFile; fileRef = 3A20642D27A2907100D4ABDE /* nerd-3_middle.png */; };
		3A20668C27A2907300D4ABDE /* sun_top.png in Resources */ = {isa = PBXBuildFile; fileRef = 3A20643127A2907100D4ABDE /* sun_top.png */; };
		3A20669227A2907300D4ABDE /* smile-1_top.png in Resources */ = {isa = PBXBuildFile; fileRef = 3A20643727A2907200D4ABDE /* smile-1_top.png */; };
		3A20669327A2907300D4ABDE /* outrage-1_middle.png in Resources */ = {isa = PBXBuildFile; fileRef = 3A20643827A2907200D4ABDE /* outrage-1_middle.png */; };
		3A20669427A2907300D4ABDE /* tongue-3_top.png in Resources */ = {isa = PBXBuildFile; fileRef = 3A20643927A2907200D4ABDE /* tongue-3_top.png */; };
		3A20669527A2907300D4ABDE /* nerd-9_middle.png in Resources */ = {isa = PBXBuildFile; fileRef = 3A20643A27A2907200D4ABDE /* nerd-9_middle.png */; };
		3A2066A427A2907300D4ABDE /* thinking_middle.png in Resources */ = {isa = PBXBuildFile; fileRef = 3A20644927A2907200D4ABDE /* thinking_middle.png */; };
		3A2066A527A2907300D4ABDE /* thinking-1_top.png in Resources */ = {isa = PBXBuildFile; fileRef = 3A20644A27A2907200D4ABDE /* thinking-1_top.png */; };
		3A2066A727A2907300D4ABDE /* smart_top.png in Resources */ = {isa = PBXBuildFile; fileRef = 3A20644C27A2907300D4ABDE /* smart_top.png */; };
		3A2066A827A2907300D4ABDE /* outrage-1_top.png in Resources */ = {isa = PBXBuildFile; fileRef = 3A20644D27A2907300D4ABDE /* outrage-1_top.png */; };
		3A2066A927A2907300D4ABDE /* surprised-5_bottom.png in Resources */ = {isa = PBXBuildFile; fileRef = 3A20644E27A2907300D4ABDE /* surprised-5_bottom.png */; };
		3A2066AC27A2907300D4ABDE /* nurse_bottom.png in Resources */ = {isa = PBXBuildFile; fileRef = 3A20645127A2907300D4ABDE /* nurse_bottom.png */; };
		3A2066B027A2907300D4ABDE /* rich_top.png in Resources */ = {isa = PBXBuildFile; fileRef = 3A20645527A2907300D4ABDE /* rich_top.png */; };
		3A510CCD279FD88800B80118 /* PhotoRobotsView.swift in Sources */ = {isa = PBXBuildFile; fileRef = 3A510CCC279FD88800B80118 /* PhotoRobotsView.swift */; };
		3A510CCF279FD90A00B80118 /* PhotoRobot.swift in Sources */ = {isa = PBXBuildFile; fileRef = 3A510CCE279FD90A00B80118 /* PhotoRobot.swift */; };
		3A510CD1279FD93F00B80118 /* PhotoRobotContainer.swift in Sources */ = {isa = PBXBuildFile; fileRef = 3A510CD0279FD93F00B80118 /* PhotoRobotContainer.swift */; };
		3A510CD3279FDB1100B80118 /* PhotoRobotCreateView.swift in Sources */ = {isa = PBXBuildFile; fileRef = 3A510CD2279FDB1100B80118 /* PhotoRobotCreateView.swift */; };
		3AFF6F03279E54DD007A36DE /* xx_wskpoliceApp.swift in Sources */ = {isa = PBXBuildFile; fileRef = 3AFF6F02279E54DD007A36DE /* xx_wskpoliceApp.swift */; };
		3AFF6F05279E54DD007A36DE /* ContentView.swift in Sources */ = {isa = PBXBuildFile; fileRef = 3AFF6F04279E54DD007A36DE /* ContentView.swift */; };
		3AFF6F07279E54DE007A36DE /* Assets.xcassets in Resources */ = {isa = PBXBuildFile; fileRef = 3AFF6F06279E54DE007A36DE /* Assets.xcassets */; };
		3AFF6F0A279E54DE007A36DE /* Preview Assets.xcassets in Resources */ = {isa = PBXBuildFile; fileRef = 3AFF6F09279E54DE007A36DE /* Preview Assets.xcassets */; };
		3AFF6F16279E55EF007A36DE /* Scada-Italic.ttf in Resources */ = {isa = PBXBuildFile; fileRef = 3AFF6F12279E55EF007A36DE /* Scada-Italic.ttf */; };
		3AFF6F17279E55EF007A36DE /* Scada-BoldItalic.ttf in Resources */ = {isa = PBXBuildFile; fileRef = 3AFF6F13279E55EF007A36DE /* Scada-BoldItalic.ttf */; };
		3AFF6F18279E55EF007A36DE /* Scada-Bold.ttf in Resources */ = {isa = PBXBuildFile; fileRef = 3AFF6F14279E55EF007A36DE /* Scada-Bold.ttf */; };
		3AFF6F19279E55EF007A36DE /* Scada-Regular.ttf in Resources */ = {isa = PBXBuildFile; fileRef = 3AFF6F15279E55EF007A36DE /* Scada-Regular.ttf */; };
		3AFF6F1B279E570D007A36DE /* LaunchScreen.storyboard in Resources */ = {isa = PBXBuildFile; fileRef = 3AFF6F1A279E570D007A36DE /* LaunchScreen.storyboard */; };
		3AFF6F1E279E58DE007A36DE /* LoginView.swift in Sources */ = {isa = PBXBuildFile; fileRef = 3AFF6F1D279E58DE007A36DE /* LoginView.swift */; };
		3AFF6F21279E5D4C007A36DE /* Checkbox.swift in Sources */ = {isa = PBXBuildFile; fileRef = 3AFF6F20279E5D4C007A36DE /* Checkbox.swift */; };
		3AFF6F23279E66E8007A36DE /* Captcha.swift in Sources */ = {isa = PBXBuildFile; fileRef = 3AFF6F22279E66E8007A36DE /* Captcha.swift */; };
		3AFF6F28279E76DF007A36DE /* MainView.swift in Sources */ = {isa = PBXBuildFile; fileRef = 3AFF6F27279E76DF007A36DE /* MainView.swift */; };
		3AFF6F2B279E80A1007A36DE /* AboutUs.swift in Sources */ = {isa = PBXBuildFile; fileRef = 3AFF6F2A279E80A1007A36DE /* AboutUs.swift */; };
		3AFF6F2E279E8D11007A36DE /* PaintView.swift in Sources */ = {isa = PBXBuildFile; fileRef = 3AFF6F2D279E8D11007A36DE /* PaintView.swift */; };
		AB3FAC42BADD80E362BE5988 /* Pods_xx_wskpolice.framework in Frameworks */ = {isa = PBXBuildFile; fileRef = 1753A34D8DA44554CFC6BC5D /* Pods_xx_wskpolice.framework */; };
/* End PBXBuildFile section */

/* Begin PBXFileReference section */
		0478CA2A83BC341E28D7EA2E /* Pods-xx_wskpolice.release.xcconfig */ = {isa = PBXFileReference; includeInIndex = 1; lastKnownFileType = text.xcconfig; name = "Pods-xx_wskpolice.release.xcconfig"; path = "Target Support Files/Pods-xx_wskpolice/Pods-xx_wskpolice.release.xcconfig"; sourceTree = "<group>"; };
		0CD59D3B7574914F02005FA9 /* Pods-xx_wskpolice.debug.xcconfig */ = {isa = PBXFileReference; includeInIndex = 1; lastKnownFileType = text.xcconfig; name = "Pods-xx_wskpolice.debug.xcconfig"; path = "Target Support Files/Pods-xx_wskpolice/Pods-xx_wskpolice.debug.xcconfig"; sourceTree = "<group>"; };
		1753A34D8DA44554CFC6BC5D /* Pods_xx_wskpolice.framework */ = {isa = PBXFileReference; explicitFileType = wrapper.framework; includeInIndex = 0; path = Pods_xx_wskpolice.framework; sourceTree = BUILT_PRODUCTS_DIR; };
		3A20620627A2904D00D4ABDE /* late_middle.png */ = {isa = PBXFileReference; lastKnownFileType = image.png; path = late_middle.png; sourceTree = "<group>"; };
		3A20620D27A2904D00D4ABDE /* nervous_bottom.png */ = {isa = PBXFileReference; lastKnownFileType = image.png; path = nervous_bottom.png; sourceTree = "<group>"; };
		3A20621027A2904D00D4ABDE /* nerd-3_bottom.png */ = {isa = PBXFileReference; lastKnownFileType = image.png; path = "nerd-3_bottom.png"; sourceTree = "<group>"; };
		3A20621627A2904E00D4ABDE /* sweat-1_top.png */ = {isa = PBXFileReference; lastKnownFileType = image.png; path = "sweat-1_top.png"; sourceTree = "<group>"; };
		3A20621827A2904E00D4ABDE /* pirate_bottom.png */ = {isa = PBXFileReference; lastKnownFileType = image.png; path = pirate_bottom.png; sourceTree = "<group>"; };
		3A20621927A2904E00D4ABDE /* sweat_top.png */ = {isa = PBXFileReference; lastKnownFileType = image.png; path = sweat_top.png; sourceTree = "<group>"; };
		3A20621E27A2904E00D4ABDE /* nerd-5_bottom.png */ = {isa = PBXFileReference; lastKnownFileType = image.png; path = "nerd-5_bottom.png"; sourceTree = "<group>"; };
		3A20622027A2904E00D4ABDE /* pain_top.png */ = {isa = PBXFileReference; lastKnownFileType = image.png; path = pain_top.png; sourceTree = "<group>"; };
		3A20622427A2904E00D4ABDE /* police_top.png */ = {isa = PBXFileReference; lastKnownFileType = image.png; path = police_top.png; sourceTree = "<group>"; };
		3A20622D27A2904F00D4ABDE /* surprised-2_middle.png */ = {isa = PBXFileReference; lastKnownFileType = image.png; path = "surprised-2_middle.png"; sourceTree = "<group>"; };
		3A20623127A2904F00D4ABDE /* popcorn_top.png */ = {isa = PBXFileReference; lastKnownFileType = image.png; path = popcorn_top.png; sourceTree = "<group>"; };
		3A20623627A2904F00D4ABDE /* smile_bottom.png */ = {isa = PBXFileReference; lastKnownFileType = image.png; path = smile_bottom.png; sourceTree = "<group>"; };
		3A20623B27A2904F00D4ABDE /* nervous_middle.png */ = {isa = PBXFileReference; lastKnownFileType = image.png; path = nervous_middle.png; sourceTree = "<group>"; };
		3A20623D27A2904F00D4ABDE /* sleepy_middle.png */ = {isa = PBXFileReference; lastKnownFileType = image.png; path = sleepy_middle.png; sourceTree = "<group>"; };
		3A20623E27A2905000D4ABDE /* tongue-1_top.png */ = {isa = PBXFileReference; lastKnownFileType = image.png; path = "tongue-1_top.png"; sourceTree = "<group>"; };
		3A20624427A2905000D4ABDE /* thinking_bottom.png */ = {isa = PBXFileReference; lastKnownFileType = image.png; path = thinking_bottom.png; sourceTree = "<group>"; };
		3A20624A27A2905000D4ABDE /* nervous-2_middle.png */ = {isa = PBXFileReference; lastKnownFileType = image.png; path = "nervous-2_middle.png"; sourceTree = "<group>"; };
		3A20625027A2905000D4ABDE /* surprised-7_top.png */ = {isa = PBXFileReference; lastKnownFileType = image.png; path = "surprised-7_top.png"; sourceTree = "<group>"; };
		3A20625727A2905100D4ABDE /* star_bottom.png */ = {isa = PBXFileReference; lastKnownFileType = image.png; path = star_bottom.png; sourceTree = "<group>"; };
		3A20625927A2905100D4ABDE /* tongue_top.png */ = {isa = PBXFileReference; lastKnownFileType = image.png; path = tongue_top.png; sourceTree = "<group>"; };
		3A20625E27A2905100D4ABDE /* surprised-5_top.png */ = {isa = PBXFileReference; lastKnownFileType = image.png; path = "surprised-5_top.png"; sourceTree = "<group>"; };
		3A20625F27A2905100D4ABDE /* surprised-8_middle.png */ = {isa = PBXFileReference; lastKnownFileType = image.png; path = "surprised-8_middle.png"; sourceTree = "<group>"; };
		3A20626727A2905300D4ABDE /* surprised-9_top.png */ = {isa = PBXFileReference; lastKnownFileType = image.png; path = "surprised-9_top.png"; sourceTree = "<group>"; };
		3A20626827A2905300D4ABDE /* laughing_bottom.png */ = {isa = PBXFileReference; lastKnownFileType = image.png; path = laughing_bottom.png; sourceTree = "<group>"; };
		3A20626927A2905300D4ABDE /* surprised-9_middle.png */ = {isa = PBXFileReference; lastKnownFileType = image.png; path = "surprised-9_middle.png"; sourceTree = "<group>"; };
		3A20626C27A2905300D4ABDE /* nerd-8_middle.png */ = {isa = PBXFileReference; lastKnownFileType = image.png; path = "nerd-8_middle.png"; sourceTree = "<group>"; };
		3A20626D27A2905400D4ABDE /* police_bottom.png */ = {isa = PBXFileReference; lastKnownFileType = image.png; path = police_bottom.png; sourceTree = "<group>"; };
		3A20627727A2905400D4ABDE /* smart-1_middle.png */ = {isa = PBXFileReference; lastKnownFileType = image.png; path = "smart-1_middle.png"; sourceTree = "<group>"; };
		3A20627827A2905400D4ABDE /* thief_middle.png */ = {isa = PBXFileReference; lastKnownFileType = image.png; path = thief_middle.png; sourceTree = "<group>"; };
		3A20627927A2905400D4ABDE /* nerd-7_middle.png */ = {isa = PBXFileReference; lastKnownFileType = image.png; path = "nerd-7_middle.png"; sourceTree = "<group>"; };
		3A20628127A2905500D4ABDE /* nerd-7_bottom.png */ = {isa = PBXFileReference; lastKnownFileType = image.png; path = "nerd-7_bottom.png"; sourceTree = "<group>"; };
		3A20628627A2905500D4ABDE /* tongue_middle.png */ = {isa = PBXFileReference; lastKnownFileType = image.png; path = tongue_middle.png; sourceTree = "<group>"; };
		3A20628727A2905500D4ABDE /* tongue-4_top.png */ = {isa = PBXFileReference; lastKnownFileType = image.png; path = "tongue-4_top.png"; sourceTree = "<group>"; };
		3A20628E27A2905500D4ABDE /* nerd-5_middle.png */ = {isa = PBXFileReference; lastKnownFileType = image.png; path = "nerd-5_middle.png"; sourceTree = "<group>"; };
		3A20628F27A2905500D4ABDE /* outrage_top.png */ = {isa = PBXFileReference; lastKnownFileType = image.png; path = outrage_top.png; sourceTree = "<group>"; };
		3A20629027A2905500D4ABDE /* thinking-2_bottom.png */ = {isa = PBXFileReference; lastKnownFileType = image.png; path = "thinking-2_bottom.png"; sourceTree = "<group>"; };
		3A20629427A2905600D4ABDE /* surprised-7_bottom.png */ = {isa = PBXFileReference; lastKnownFileType = image.png; path = "surprised-7_bottom.png"; sourceTree = "<group>"; };
		3A20629527A2905600D4ABDE /* nerd-8_top.png */ = {isa = PBXFileReference; lastKnownFileType = image.png; path = "nerd-8_top.png"; sourceTree = "<group>"; };
		3A20629627A2905600D4ABDE /* popcorn_bottom.png */ = {isa = PBXFileReference; lastKnownFileType = image.png; path = popcorn_bottom.png; sourceTree = "<group>"; };
		3A20629827A2905600D4ABDE /* smile_middle.png */ = {isa = PBXFileReference; lastKnownFileType = image.png; path = smile_middle.png; sourceTree = "<group>"; };
		3A2062AB27A2905700D4ABDE /* pirate_middle.png */ = {isa = PBXFileReference; lastKnownFileType = image.png; path = pirate_middle.png; sourceTree = "<group>"; };
		3A2062AF27A2905700D4ABDE /* tongue-3_middle.png */ = {isa = PBXFileReference; lastKnownFileType = image.png; path = "tongue-3_middle.png"; sourceTree = "<group>"; };
		3A2062B527A2905700D4ABDE /* tired-2_top.png */ = {isa = PBXFileReference; lastKnownFileType = image.png; path = "tired-2_top.png"; sourceTree = "<group>"; };
		3A2062B827A2905700D4ABDE /* pirate-1_bottom.png */ = {isa = PBXFileReference; lastKnownFileType = image.png; path = "pirate-1_bottom.png"; sourceTree = "<group>"; };
		3A2062C027A2905800D4ABDE /* nervous-1_middle.png */ = {isa = PBXFileReference; lastKnownFileType = image.png; path = "nervous-1_middle.png"; sourceTree = "<group>"; };
		3A2062C227A2905800D4ABDE /* nervous-1_top.png */ = {isa = PBXFileReference; lastKnownFileType = image.png; path = "nervous-1_top.png"; sourceTree = "<group>"; };
		3A2062C627A2905800D4ABDE /* rich_bottom.png */ = {isa = PBXFileReference; lastKnownFileType = image.png; path = rich_bottom.png; sourceTree = "<group>"; };
		3A2062C727A2905800D4ABDE /* tired_top.png */ = {isa = PBXFileReference; lastKnownFileType = image.png; path = tired_top.png; sourceTree = "<group>"; };
		3A2062CB27A2905800D4ABDE /* tired_middle.png */ = {isa = PBXFileReference; lastKnownFileType = image.png; path = tired_middle.png; sourceTree = "<group>"; };
		3A2062D027A2905900D4ABDE /* nervous-1_bottom.png */ = {isa = PBXFileReference; lastKnownFileType = image.png; path = "nervous-1_bottom.png"; sourceTree = "<group>"; };
		3A2062D127A2905900D4ABDE /* tongue-3_bottom.png */ = {isa = PBXFileReference; lastKnownFileType = image.png; path = "tongue-3_bottom.png"; sourceTree = "<group>"; };
		3A2062D627A2905900D4ABDE /* pirate-1_top.png */ = {isa = PBXFileReference; lastKnownFileType = image.png; path = "pirate-1_top.png"; sourceTree = "<group>"; };
		3A2062D727A2905900D4ABDE /* surprised-3_top.png */ = {isa = PBXFileReference; lastKnownFileType = image.png; path = "surprised-3_top.png"; sourceTree = "<group>"; };
		3A2062D927A2905900D4ABDE /* popcorn_middle.png */ = {isa = PBXFileReference; lastKnownFileType = image.png; path = popcorn_middle.png; sourceTree = "<group>"; };
		3A2062DC27A2905900D4ABDE /* surprised-3_bottom.png */ = {isa = PBXFileReference; lastKnownFileType = image.png; path = "surprised-3_bottom.png"; sourceTree = "<group>"; };
		3A2062DE27A2905900D4ABDE /* nerd-5_top.png */ = {isa = PBXFileReference; lastKnownFileType = image.png; path = "nerd-5_top.png"; sourceTree = "<group>"; };
		3A2062E027A2905900D4ABDE /* surprised-4_top.png */ = {isa = PBXFileReference; lastKnownFileType = image.png; path = "surprised-4_top.png"; sourceTree = "<group>"; };
		3A2062E127A2905A00D4ABDE /* surprised-5_middle.png */ = {isa = PBXFileReference; lastKnownFileType = image.png; path = "surprised-5_middle.png"; sourceTree = "<group>"; };
		3A2062E327A2905A00D4ABDE /* tired-1_top.png */ = {isa = PBXFileReference; lastKnownFileType = image.png; path = "tired-1_top.png"; sourceTree = "<group>"; };
		3A2062E727A2905A00D4ABDE /* late_top.png */ = {isa = PBXFileReference; lastKnownFileType = image.png; path = late_top.png; sourceTree = "<group>"; };
		3A2062E827A2905A00D4ABDE /* pirate_top.png */ = {isa = PBXFileReference; lastKnownFileType = image.png; path = pirate_top.png; sourceTree = "<group>"; };
		3A2062EB27A2905A00D4ABDE /* tongue-1_middle.png */ = {isa = PBXFileReference; lastKnownFileType = image.png; path = "tongue-1_middle.png"; sourceTree = "<group>"; };
		3A2062EE27A2905A00D4ABDE /* surprised-7_middle.png */ = {isa = PBXFileReference; lastKnownFileType = image.png; path = "surprised-7_middle.png"; sourceTree = "<group>"; };
		3A2062F127A2905B00D4ABDE /* nerd-6_top.png */ = {isa = PBXFileReference; lastKnownFileType = image.png; path = "nerd-6_top.png"; sourceTree = "<group>"; };
		3A2062F227A2905B00D4ABDE /* nerd-9_top.png */ = {isa = PBXFileReference; lastKnownFileType = image.png; path = "nerd-9_top.png"; sourceTree = "<group>"; };
		3A2062FC27A2905B00D4ABDE /* sun_middle.png */ = {isa = PBXFileReference; lastKnownFileType = image.png; path = sun_middle.png; sourceTree = "<group>"; };
		3A2062FD27A2905B00D4ABDE /* smile-1_bottom.png */ = {isa = PBXFileReference; lastKnownFileType = image.png; path = "smile-1_bottom.png"; sourceTree = "<group>"; };
		3A20630027A2905B00D4ABDE /* pain_middle.png */ = {isa = PBXFileReference; lastKnownFileType = image.png; path = pain_middle.png; sourceTree = "<group>"; };
		3A20630427A2905C00D4ABDE /* sweat_middle.png */ = {isa = PBXFileReference; lastKnownFileType = image.png; path = sweat_middle.png; sourceTree = "<group>"; };
		3A20630D27A2905C00D4ABDE /* tired-1_middle.png */ = {isa = PBXFileReference; lastKnownFileType = image.png; path = "tired-1_middle.png"; sourceTree = "<group>"; };
		3A20630E27A2905C00D4ABDE /* smart_bottom.png */ = {isa = PBXFileReference; lastKnownFileType = image.png; path = smart_bottom.png; sourceTree = "<group>"; };
		3A20631927A2905D00D4ABDE /* phone-call_middle.png */ = {isa = PBXFileReference; lastKnownFileType = image.png; path = "phone-call_middle.png"; sourceTree = "<group>"; };
		3A20631A27A2905D00D4ABDE /* nervous-2_bottom.png */ = {isa = PBXFileReference; lastKnownFileType = image.png; path = "nervous-2_bottom.png"; sourceTree = "<group>"; };
		3A20631C27A2905D00D4ABDE /* nerd-6_bottom.png */ = {isa = PBXFileReference; lastKnownFileType = image.png; path = "nerd-6_bottom.png"; sourceTree = "<group>"; };
		3A20632227A2905D00D4ABDE /* tired_bottom.png */ = {isa = PBXFileReference; lastKnownFileType = image.png; path = tired_bottom.png; sourceTree = "<group>"; };
		3A20632B27A2905E00D4ABDE /* surprised_middle.png */ = {isa = PBXFileReference; lastKnownFileType = image.png; path = surprised_middle.png; sourceTree = "<group>"; };
		3A20632F27A2905E00D4ABDE /* police_middle.png */ = {isa = PBXFileReference; lastKnownFileType = image.png; path = police_middle.png; sourceTree = "<group>"; };
		3A20633027A2905E00D4ABDE /* surprised-1_middle.png */ = {isa = PBXFileReference; lastKnownFileType = image.png; path = "surprised-1_middle.png"; sourceTree = "<group>"; };
		3A20633727A2905F00D4ABDE /* nerd-3_top.png */ = {isa = PBXFileReference; lastKnownFileType = image.png; path = "nerd-3_top.png"; sourceTree = "<group>"; };
		3A20633D27A2905F00D4ABDE /* nerd-8_bottom.png */ = {isa = PBXFileReference; lastKnownFileType = image.png; path = "nerd-8_bottom.png"; sourceTree = "<group>"; };
		3A20634527A2905F00D4ABDE /* tired-2_middle.png */ = {isa = PBXFileReference; lastKnownFileType = image.png; path = "tired-2_middle.png"; sourceTree = "<group>"; };
		3A20634827A2906000D4ABDE /* thinking-1_bottom.png */ = {isa = PBXFileReference; lastKnownFileType = image.png; path = "thinking-1_bottom.png"; sourceTree = "<group>"; };
		3A20634E27A2906000D4ABDE /* nervous_top.png */ = {isa = PBXFileReference; lastKnownFileType = image.png; path = nervous_top.png; sourceTree = "<group>"; };
		3A20635227A2906100D4ABDE /* surprised_bottom.png */ = {isa = PBXFileReference; lastKnownFileType = image.png; path = surprised_bottom.png; sourceTree = "<group>"; };
		3A20635A27A2906200D4ABDE /* surprised-8_top.png */ = {isa = PBXFileReference; lastKnownFileType = image.png; path = "surprised-8_top.png"; sourceTree = "<group>"; };
		3A20635E27A2906200D4ABDE /* surprised-8_bottom.png */ = {isa = PBXFileReference; lastKnownFileType = image.png; path = "surprised-8_bottom.png"; sourceTree = "<group>"; };
		3A20635F27A2906200D4ABDE /* sweat-1_middle.png */ = {isa = PBXFileReference; lastKnownFileType = image.png; path = "sweat-1_middle.png"; sourceTree = "<group>"; };
		3A20636227A2906200D4ABDE /* nerd-4_top.png */ = {isa = PBXFileReference; lastKnownFileType = image.png; path = "nerd-4_top.png"; sourceTree = "<group>"; };
		3A20637027A2906400D4ABDE /* surprised-1_bottom.png */ = {isa = PBXFileReference; lastKnownFileType = image.png; path = "surprised-1_bottom.png"; sourceTree = "<group>"; };
		3A20637527A2906400D4ABDE /* star_top.png */ = {isa = PBXFileReference; lastKnownFileType = image.png; path = star_top.png; sourceTree = "<group>"; };
		3A20637B27A2906500D4ABDE /* tongue-2_bottom.png */ = {isa = PBXFileReference; lastKnownFileType = image.png; path = "tongue-2_bottom.png"; sourceTree = "<group>"; };
		3A20638227A2906500D4ABDE /* pain_bottom.png */ = {isa = PBXFileReference; lastKnownFileType = image.png; path = pain_bottom.png; sourceTree = "<group>"; };
		3A20638327A2906500D4ABDE /* nervous-2_top.png */ = {isa = PBXFileReference; lastKnownFileType = image.png; path = "nervous-2_top.png"; sourceTree = "<group>"; };
		3A20638827A2906500D4ABDE /* surprised-6_middle.png */ = {isa = PBXFileReference; lastKnownFileType = image.png; path = "surprised-6_middle.png"; sourceTree = "<group>"; };
		3A20638B27A2906500D4ABDE /* smile_top.png */ = {isa = PBXFileReference; lastKnownFileType = image.png; path = smile_top.png; sourceTree = "<group>"; };
		3A20638C27A2906500D4ABDE /* tongue-4_middle.png */ = {isa = PBXFileReference; lastKnownFileType = image.png; path = "tongue-4_middle.png"; sourceTree = "<group>"; };
		3A20638E27A2906500D4ABDE /* surprised-2_bottom.png */ = {isa = PBXFileReference; lastKnownFileType = image.png; path = "surprised-2_bottom.png"; sourceTree = "<group>"; };
		3A20639327A2906600D4ABDE /* phone-call_top.png */ = {isa = PBXFileReference; lastKnownFileType = image.png; path = "phone-call_top.png"; sourceTree = "<group>"; };
		3A20639527A2906600D4ABDE /* surprised-6_top.png */ = {isa = PBXFileReference; lastKnownFileType = image.png; path = "surprised-6_top.png"; sourceTree = "<group>"; };
		3A20639827A2906B00D4ABDE /* thinking-2_middle.png */ = {isa = PBXFileReference; lastKnownFileType = image.png; path = "thinking-2_middle.png"; sourceTree = "<group>"; };
		3A2063A027A2906B00D4ABDE /* smile-1_middle.png */ = {isa = PBXFileReference; lastKnownFileType = image.png; path = "smile-1_middle.png"; sourceTree = "<group>"; };
		3A2063A827A2906B00D4ABDE /* nurse_middle.png */ = {isa = PBXFileReference; lastKnownFileType = image.png; path = nurse_middle.png; sourceTree = "<group>"; };
		3A2063AC27A2906B00D4ABDE /* smart-1_bottom.png */ = {isa = PBXFileReference; lastKnownFileType = image.png; path = "smart-1_bottom.png"; sourceTree = "<group>"; };
		3A2063AD27A2906B00D4ABDE /* surprised-9_bottom.png */ = {isa = PBXFileReference; lastKnownFileType = image.png; path = "surprised-9_bottom.png"; sourceTree = "<group>"; };
		3A2063AF27A2906B00D4ABDE /* zombie_middle.png */ = {isa = PBXFileReference; lastKnownFileType = image.png; path = zombie_middle.png; sourceTree = "<group>"; };
		3A2063B427A2906C00D4ABDE /* nerd-7_top.png */ = {isa = PBXFileReference; lastKnownFileType = image.png; path = "nerd-7_top.png"; sourceTree = "<group>"; };
		3A2063B627A2906C00D4ABDE /* sweat_bottom.png */ = {isa = PBXFileReference; lastKnownFileType = image.png; path = sweat_bottom.png; sourceTree = "<group>"; };
		3A2063B727A2906C00D4ABDE /* tongue_bottom.png */ = {isa = PBXFileReference; lastKnownFileType = image.png; path = tongue_bottom.png; sourceTree = "<group>"; };
		3A2063BC27A2906C00D4ABDE /* nerd-4_bottom.png */ = {isa = PBXFileReference; lastKnownFileType = image.png; path = "nerd-4_bottom.png"; sourceTree = "<group>"; };
		3A2063BD27A2906C00D4ABDE /* surprised_top.png */ = {isa = PBXFileReference; lastKnownFileType = image.png; path = surprised_top.png; sourceTree = "<group>"; };
		3A2063C927A2906D00D4ABDE /* sleepy_top.png */ = {isa = PBXFileReference; lastKnownFileType = image.png; path = sleepy_top.png; sourceTree = "<group>"; };
		3A2063CA27A2906D00D4ABDE /* thinking-1_middle.png */ = {isa = PBXFileReference; lastKnownFileType = image.png; path = "thinking-1_middle.png"; sourceTree = "<group>"; };
		3A2063CC27A2906D00D4ABDE /* nerd-4_middle.png */ = {isa = PBXFileReference; lastKnownFileType = image.png; path = "nerd-4_middle.png"; sourceTree = "<group>"; };
		3A2063CD27A2906D00D4ABDE /* phone-call_bottom.png */ = {isa = PBXFileReference; lastKnownFileType = image.png; path = "phone-call_bottom.png"; sourceTree = "<group>"; };
		3A2063CE27A2906D00D4ABDE /* outrage-1_bottom.png */ = {isa = PBXFileReference; lastKnownFileType = image.png; path = "outrage-1_bottom.png"; sourceTree = "<group>"; };
		3A2063D027A2906D00D4ABDE /* outrage_bottom.png */ = {isa = PBXFileReference; lastKnownFileType = image.png; path = outrage_bottom.png; sourceTree = "<group>"; };
		3A2063D227A2906D00D4ABDE /* star_middle.png */ = {isa = PBXFileReference; lastKnownFileType = image.png; path = star_middle.png; sourceTree = "<group>"; };
		3A2063D327A2906D00D4ABDE /* surprised-1_top.png */ = {isa = PBXFileReference; lastKnownFileType = image.png; path = "surprised-1_top.png"; sourceTree = "<group>"; };
		3A2063D727A2906D00D4ABDE /* nurse_top.png */ = {isa = PBXFileReference; lastKnownFileType = image.png; path = nurse_top.png; sourceTree = "<group>"; };
		3A2063DC27A2906D00D4ABDE /* outrage_middle.png */ = {isa = PBXFileReference; lastKnownFileType = image.png; path = outrage_middle.png; sourceTree = "<group>"; };
		3A2063DE27A2906E00D4ABDE /* nerd-2_top.png */ = {isa = PBXFileReference; lastKnownFileType = image.png; path = "nerd-2_top.png"; sourceTree = "<group>"; };
		3A2063E327A2906E00D4ABDE /* thinking_top.png */ = {isa = PBXFileReference; lastKnownFileType = image.png; path = thinking_top.png; sourceTree = "<group>"; };
		3A2063E427A2906E00D4ABDE /* tongue-1_bottom.png */ = {isa = PBXFileReference; lastKnownFileType = image.png; path = "tongue-1_bottom.png"; sourceTree = "<group>"; };
		3A2063E527A2906E00D4ABDE /* sweat-1_bottom.png */ = {isa = PBXFileReference; lastKnownFileType = image.png; path = "sweat-1_bottom.png"; sourceTree = "<group>"; };
		3A2063EA27A2906E00D4ABDE /* tongue-2_middle.png */ = {isa = PBXFileReference; lastKnownFileType = image.png; path = "tongue-2_middle.png"; sourceTree = "<group>"; };
		3A2063EC27A2906E00D4ABDE /* zombie_top.png */ = {isa = PBXFileReference; lastKnownFileType = image.png; path = zombie_top.png; sourceTree = "<group>"; };
		3A2063F127A2906E00D4ABDE /* nerd-9_bottom.png */ = {isa = PBXFileReference; lastKnownFileType = image.png; path = "nerd-9_bottom.png"; sourceTree = "<group>"; };
		3A2063F527A2906F00D4ABDE /* smart_middle.png */ = {isa = PBXFileReference; lastKnownFileType = image.png; path = smart_middle.png; sourceTree = "<group>"; };
		3A2063F927A2906F00D4ABDE /* surprised-6_bottom.png */ = {isa = PBXFileReference; lastKnownFileType = image.png; path = "surprised-6_bottom.png"; sourceTree = "<group>"; };
		3A2063FE27A2906F00D4ABDE /* thinking-2_top.png */ = {isa = PBXFileReference; lastKnownFileType = image.png; path = "thinking-2_top.png"; sourceTree = "<group>"; };
		3A2063FF27A2906F00D4ABDE /* pirate-1_middle.png */ = {isa = PBXFileReference; lastKnownFileType = image.png; path = "pirate-1_middle.png"; sourceTree = "<group>"; };
		3A20640127A2906F00D4ABDE /* surprised-2_top.png */ = {isa = PBXFileReference; lastKnownFileType = image.png; path = "surprised-2_top.png"; sourceTree = "<group>"; };
		3A20640227A2906F00D4ABDE /* surprised-4_bottom.png */ = {isa = PBXFileReference; lastKnownFileType = image.png; path = "surprised-4_bottom.png"; sourceTree = "<group>"; };
		3A20640527A2906F00D4ABDE /* rich-1_bottom.png */ = {isa = PBXFileReference; lastKnownFileType = image.png; path = "rich-1_bottom.png"; sourceTree = "<group>"; };
		3A20640B27A2907000D4ABDE /* thief_top.png */ = {isa = PBXFileReference; lastKnownFileType = image.png; path = thief_top.png; sourceTree = "<group>"; };
		3A20640C27A2907000D4ABDE /* rich_middle.png */ = {isa = PBXFileReference; lastKnownFileType = image.png; path = rich_middle.png; sourceTree = "<group>"; };
		3A20640D27A2907000D4ABDE /* tired-2_bottom.png */ = {isa = PBXFileReference; lastKnownFileType = image.png; path = "tired-2_bottom.png"; sourceTree = "<group>"; };
		3A20641227A2907000D4ABDE /* surprised-4_middle.png */ = {isa = PBXFileReference; lastKnownFileType = image.png; path = "surprised-4_middle.png"; sourceTree = "<group>"; };
		3A20641427A2907000D4ABDE /* thief_bottom.png */ = {isa = PBXFileReference; lastKnownFileType = image.png; path = thief_bottom.png; sourceTree = "<group>"; };
		3A20641527A2907000D4ABDE /* tired-1_bottom.png */ = {isa = PBXFileReference; lastKnownFileType = image.png; path = "tired-1_bottom.png"; sourceTree = "<group>"; };
		3A20641727A2907000D4ABDE /* surprised-3_middle.png */ = {isa = PBXFileReference; lastKnownFileType = image.png; path = "surprised-3_middle.png"; sourceTree = "<group>"; };
		3A20641827A2907000D4ABDE /* nerd-6_middle.png */ = {isa = PBXFileReference; lastKnownFileType = image.png; path = "nerd-6_middle.png"; sourceTree = "<group>"; };
		3A20641927A2907000D4ABDE /* sun_bottom.png */ = {isa = PBXFileReference; lastKnownFileType = image.png; path = sun_bottom.png; sourceTree = "<group>"; };
		3A20641C27A2907000D4ABDE /* tongue-2_top.png */ = {isa = PBXFileReference; lastKnownFileType = image.png; path = "tongue-2_top.png"; sourceTree = "<group>"; };
		3A20642827A2907100D4ABDE /* smart-1_top.png */ = {isa = PBXFileReference; lastKnownFileType = image.png; path = "smart-1_top.png"; sourceTree = "<group>"; };
		3A20642927A2907100D4ABDE /* tongue-4_bottom.png */ = {isa = PBXFileReference; lastKnownFileType = image.png; path = "tongue-4_bottom.png"; sourceTree = "<group>"; };
		3A20642D27A2907100D4ABDE /* nerd-3_middle.png */ = {isa = PBXFileReference; lastKnownFileType = image.png; path = "nerd-3_middle.png"; sourceTree = "<group>"; };
		3A20643127A2907100D4ABDE /* sun_top.png */ = {isa = PBXFileReference; lastKnownFileType = image.png; path = sun_top.png; sourceTree = "<group>"; };
		3A20643727A2907200D4ABDE /* smile-1_top.png */ = {isa = PBXFileReference; lastKnownFileType = image.png; path = "smile-1_top.png"; sourceTree = "<group>"; };
		3A20643827A2907200D4ABDE /* outrage-1_middle.png */ = {isa = PBXFileReference; lastKnownFileType = image.png; path = "outrage-1_middle.png"; sourceTree = "<group>"; };
		3A20643927A2907200D4ABDE /* tongue-3_top.png */ = {isa = PBXFileReference; lastKnownFileType = image.png; path = "tongue-3_top.png"; sourceTree = "<group>"; };
		3A20643A27A2907200D4ABDE /* nerd-9_middle.png */ = {isa = PBXFileReference; lastKnownFileType = image.png; path = "nerd-9_middle.png"; sourceTree = "<group>"; };
		3A20644927A2907200D4ABDE /* thinking_middle.png */ = {isa = PBXFileReference; lastKnownFileType = image.png; path = thinking_middle.png; sourceTree = "<group>"; };
		3A20644A27A2907200D4ABDE /* thinking-1_top.png */ = {isa = PBXFileReference; lastKnownFileType = image.png; path = "thinking-1_top.png"; sourceTree = "<group>"; };
		3A20644C27A2907300D4ABDE /* smart_top.png */ = {isa = PBXFileReference; lastKnownFileType = image.png; path = smart_top.png; sourceTree = "<group>"; };
		3A20644D27A2907300D4ABDE /* outrage-1_top.png */ = {isa = PBXFileReference; lastKnownFileType = image.png; path = "outrage-1_top.png"; sourceTree = "<group>"; };
		3A20644E27A2907300D4ABDE /* surprised-5_bottom.png */ = {isa = PBXFileReference; lastKnownFileType = image.png; path = "surprised-5_bottom.png"; sourceTree = "<group>"; };
		3A20645127A2907300D4ABDE /* nurse_bottom.png */ = {isa = PBXFileReference; lastKnownFileType = image.png; path = nurse_bottom.png; sourceTree = "<group>"; };
		3A20645527A2907300D4ABDE /* rich_top.png */ = {isa = PBXFileReference; lastKnownFileType = image.png; path = rich_top.png; sourceTree = "<group>"; };
		3A510CCC279FD88800B80118 /* PhotoRobotsView.swift */ = {isa = PBXFileReference; lastKnownFileType = sourcecode.swift; path = PhotoRobotsView.swift; sourceTree = "<group>"; };
		3A510CCE279FD90A00B80118 /* PhotoRobot.swift */ = {isa = PBXFileReference; lastKnownFileType = sourcecode.swift; path = PhotoRobot.swift; sourceTree = "<group>"; };
		3A510CD0279FD93F00B80118 /* PhotoRobotContainer.swift */ = {isa = PBXFileReference; lastKnownFileType = sourcecode.swift; path = PhotoRobotContainer.swift; sourceTree = "<group>"; };
		3A510CD2279FDB1100B80118 /* PhotoRobotCreateView.swift */ = {isa = PBXFileReference; lastKnownFileType = sourcecode.swift; path = PhotoRobotCreateView.swift; sourceTree = "<group>"; };
		3AFF6EFF279E54DD007A36DE /* xx_wskpolice.app */ = {isa = PBXFileReference; explicitFileType = wrapper.application; includeInIndex = 0; path = xx_wskpolice.app; sourceTree = BUILT_PRODUCTS_DIR; };
		3AFF6F02279E54DD007A36DE /* xx_wskpoliceApp.swift */ = {isa = PBXFileReference; lastKnownFileType = sourcecode.swift; path = xx_wskpoliceApp.swift; sourceTree = "<group>"; };
		3AFF6F04279E54DD007A36DE /* ContentView.swift */ = {isa = PBXFileReference; lastKnownFileType = sourcecode.swift; path = ContentView.swift; sourceTree = "<group>"; };
		3AFF6F06279E54DE007A36DE /* Assets.xcassets */ = {isa = PBXFileReference; lastKnownFileType = folder.assetcatalog; path = Assets.xcassets; sourceTree = "<group>"; };
		3AFF6F09279E54DE007A36DE /* Preview Assets.xcassets */ = {isa = PBXFileReference; lastKnownFileType = folder.assetcatalog; path = "Preview Assets.xcassets"; sourceTree = "<group>"; };
		3AFF6F10279E55B9007A36DE /* xx-wskpolice-Info.plist */ = {isa = PBXFileReference; lastKnownFileType = text.plist; path = "xx-wskpolice-Info.plist"; sourceTree = SOURCE_ROOT; };
		3AFF6F12279E55EF007A36DE /* Scada-Italic.ttf */ = {isa = PBXFileReference; lastKnownFileType = file; path = "Scada-Italic.ttf"; sourceTree = "<group>"; };
		3AFF6F13279E55EF007A36DE /* Scada-BoldItalic.ttf */ = {isa = PBXFileReference; lastKnownFileType = file; path = "Scada-BoldItalic.ttf"; sourceTree = "<group>"; };
		3AFF6F14279E55EF007A36DE /* Scada-Bold.ttf */ = {isa = PBXFileReference; lastKnownFileType = file; path = "Scada-Bold.ttf"; sourceTree = "<group>"; };
		3AFF6F15279E55EF007A36DE /* Scada-Regular.ttf */ = {isa = PBXFileReference; lastKnownFileType = file; path = "Scada-Regular.ttf"; sourceTree = "<group>"; };
		3AFF6F1A279E570D007A36DE /* LaunchScreen.storyboard */ = {isa = PBXFileReference; lastKnownFileType = file.storyboard; path = LaunchScreen.storyboard; sourceTree = "<group>"; };
		3AFF6F1D279E58DE007A36DE /* LoginView.swift */ = {isa = PBXFileReference; lastKnownFileType = sourcecode.swift; path = LoginView.swift; sourceTree = "<group>"; };
		3AFF6F20279E5D4C007A36DE /* Checkbox.swift */ = {isa = PBXFileReference; lastKnownFileType = sourcecode.swift; path = Checkbox.swift; sourceTree = "<group>"; };
		3AFF6F22279E66E8007A36DE /* Captcha.swift */ = {isa = PBXFileReference; lastKnownFileType = sourcecode.swift; path = Captcha.swift; sourceTree = "<group>"; };
		3AFF6F27279E76DF007A36DE /* MainView.swift */ = {isa = PBXFileReference; lastKnownFileType = sourcecode.swift; path = MainView.swift; sourceTree = "<group>"; };
		3AFF6F2A279E80A1007A36DE /* AboutUs.swift */ = {isa = PBXFileReference; lastKnownFileType = sourcecode.swift; path = AboutUs.swift; sourceTree = "<group>"; };
		3AFF6F2D279E8D11007A36DE /* PaintView.swift */ = {isa = PBXFileReference; lastKnownFileType = sourcecode.swift; path = PaintView.swift; sourceTree = "<group>"; };
/* End PBXFileReference section */

/* Begin PBXFrameworksBuildPhase section */
		3AFF6EFC279E54DD007A36DE /* Frameworks */ = {
			isa = PBXFrameworksBuildPhase;
			buildActionMask = 2147483647;
			files = (
				AB3FAC42BADD80E362BE5988 /* Pods_xx_wskpolice.framework in Frameworks */,
			);
			runOnlyForDeploymentPostprocessing = 0;
		};
/* End PBXFrameworksBuildPhase section */

/* Begin PBXGroup section */
		3A205D4627A28C1300D4ABDE /* PhotoRobots */ = {
			isa = PBXGroup;
			children = (
				3A20620627A2904D00D4ABDE /* late_middle.png */,
				3A2062E727A2905A00D4ABDE /* late_top.png */,
				3A20626827A2905300D4ABDE /* laughing_bottom.png */,
				3A2063DE27A2906E00D4ABDE /* nerd-2_top.png */,
				3A20621027A2904D00D4ABDE /* nerd-3_bottom.png */,
				3A20642D27A2907100D4ABDE /* nerd-3_middle.png */,
				3A20633727A2905F00D4ABDE /* nerd-3_top.png */,
				3A2063BC27A2906C00D4ABDE /* nerd-4_bottom.png */,
				3A2063CC27A2906D00D4ABDE /* nerd-4_middle.png */,
				3A20636227A2906200D4ABDE /* nerd-4_top.png */,
				3A20621E27A2904E00D4ABDE /* nerd-5_bottom.png */,
				3A20628E27A2905500D4ABDE /* nerd-5_middle.png */,
				3A2062DE27A2905900D4ABDE /* nerd-5_top.png */,
				3A20631C27A2905D00D4ABDE /* nerd-6_bottom.png */,
				3A20641827A2907000D4ABDE /* nerd-6_middle.png */,
				3A2062F127A2905B00D4ABDE /* nerd-6_top.png */,
				3A20628127A2905500D4ABDE /* nerd-7_bottom.png */,
				3A20627927A2905400D4ABDE /* nerd-7_middle.png */,
				3A2063B427A2906C00D4ABDE /* nerd-7_top.png */,
				3A20633D27A2905F00D4ABDE /* nerd-8_bottom.png */,
				3A20626C27A2905300D4ABDE /* nerd-8_middle.png */,
				3A20629527A2905600D4ABDE /* nerd-8_top.png */,
				3A2063F127A2906E00D4ABDE /* nerd-9_bottom.png */,
				3A20643A27A2907200D4ABDE /* nerd-9_middle.png */,
				3A2062F227A2905B00D4ABDE /* nerd-9_top.png */,
				3A20620D27A2904D00D4ABDE /* nervous_bottom.png */,
				3A20623B27A2904F00D4ABDE /* nervous_middle.png */,
				3A20634E27A2906000D4ABDE /* nervous_top.png */,
				3A2062D027A2905900D4ABDE /* nervous-1_bottom.png */,
				3A2062C027A2905800D4ABDE /* nervous-1_middle.png */,
				3A2062C227A2905800D4ABDE /* nervous-1_top.png */,
				3A20631A27A2905D00D4ABDE /* nervous-2_bottom.png */,
				3A20624A27A2905000D4ABDE /* nervous-2_middle.png */,
				3A20638327A2906500D4ABDE /* nervous-2_top.png */,
				3A20645127A2907300D4ABDE /* nurse_bottom.png */,
				3A2063A827A2906B00D4ABDE /* nurse_middle.png */,
				3A2063D727A2906D00D4ABDE /* nurse_top.png */,
				3A2063D027A2906D00D4ABDE /* outrage_bottom.png */,
				3A2063DC27A2906D00D4ABDE /* outrage_middle.png */,
				3A20628F27A2905500D4ABDE /* outrage_top.png */,
				3A2063CE27A2906D00D4ABDE /* outrage-1_bottom.png */,
				3A20643827A2907200D4ABDE /* outrage-1_middle.png */,
				3A20644D27A2907300D4ABDE /* outrage-1_top.png */,
				3A20638227A2906500D4ABDE /* pain_bottom.png */,
				3A20630027A2905B00D4ABDE /* pain_middle.png */,
				3A20622027A2904E00D4ABDE /* pain_top.png */,
				3A2063CD27A2906D00D4ABDE /* phone-call_bottom.png */,
				3A20631927A2905D00D4ABDE /* phone-call_middle.png */,
				3A20639327A2906600D4ABDE /* phone-call_top.png */,
				3A20621827A2904E00D4ABDE /* pirate_bottom.png */,
				3A2062AB27A2905700D4ABDE /* pirate_middle.png */,
				3A2062E827A2905A00D4ABDE /* pirate_top.png */,
				3A2062B827A2905700D4ABDE /* pirate-1_bottom.png */,
				3A2063FF27A2906F00D4ABDE /* pirate-1_middle.png */,
				3A2062D627A2905900D4ABDE /* pirate-1_top.png */,
				3A20626D27A2905400D4ABDE /* police_bottom.png */,
				3A20632F27A2905E00D4ABDE /* police_middle.png */,
				3A20622427A2904E00D4ABDE /* police_top.png */,
				3A20629627A2905600D4ABDE /* popcorn_bottom.png */,
				3A2062D927A2905900D4ABDE /* popcorn_middle.png */,
				3A20623127A2904F00D4ABDE /* popcorn_top.png */,
				3A2062C627A2905800D4ABDE /* rich_bottom.png */,
				3A20640C27A2907000D4ABDE /* rich_middle.png */,
				3A20645527A2907300D4ABDE /* rich_top.png */,
				3A20640527A2906F00D4ABDE /* rich-1_bottom.png */,
				3A20623D27A2904F00D4ABDE /* sleepy_middle.png */,
				3A2063C927A2906D00D4ABDE /* sleepy_top.png */,
				3A20630E27A2905C00D4ABDE /* smart_bottom.png */,
				3A2063F527A2906F00D4ABDE /* smart_middle.png */,
				3A20644C27A2907300D4ABDE /* smart_top.png */,
				3A2063AC27A2906B00D4ABDE /* smart-1_bottom.png */,
				3A20627727A2905400D4ABDE /* smart-1_middle.png */,
				3A20642827A2907100D4ABDE /* smart-1_top.png */,
				3A20623627A2904F00D4ABDE /* smile_bottom.png */,
				3A20629827A2905600D4ABDE /* smile_middle.png */,
				3A20638B27A2906500D4ABDE /* smile_top.png */,
				3A2062FD27A2905B00D4ABDE /* smile-1_bottom.png */,
				3A2063A027A2906B00D4ABDE /* smile-1_middle.png */,
				3A20643727A2907200D4ABDE /* smile-1_top.png */,
				3A20625727A2905100D4ABDE /* star_bottom.png */,
				3A2063D227A2906D00D4ABDE /* star_middle.png */,
				3A20637527A2906400D4ABDE /* star_top.png */,
				3A20641927A2907000D4ABDE /* sun_bottom.png */,
				3A2062FC27A2905B00D4ABDE /* sun_middle.png */,
				3A20643127A2907100D4ABDE /* sun_top.png */,
				3A20635227A2906100D4ABDE /* surprised_bottom.png */,
				3A20632B27A2905E00D4ABDE /* surprised_middle.png */,
				3A2063BD27A2906C00D4ABDE /* surprised_top.png */,
				3A20637027A2906400D4ABDE /* surprised-1_bottom.png */,
				3A20633027A2905E00D4ABDE /* surprised-1_middle.png */,
				3A2063D327A2906D00D4ABDE /* surprised-1_top.png */,
				3A20638E27A2906500D4ABDE /* surprised-2_bottom.png */,
				3A20622D27A2904F00D4ABDE /* surprised-2_middle.png */,
				3A20640127A2906F00D4ABDE /* surprised-2_top.png */,
				3A2062DC27A2905900D4ABDE /* surprised-3_bottom.png */,
				3A20641727A2907000D4ABDE /* surprised-3_middle.png */,
				3A2062D727A2905900D4ABDE /* surprised-3_top.png */,
				3A20640227A2906F00D4ABDE /* surprised-4_bottom.png */,
				3A20641227A2907000D4ABDE /* surprised-4_middle.png */,
				3A2062E027A2905900D4ABDE /* surprised-4_top.png */,
				3A20644E27A2907300D4ABDE /* surprised-5_bottom.png */,
				3A2062E127A2905A00D4ABDE /* surprised-5_middle.png */,
				3A20625E27A2905100D4ABDE /* surprised-5_top.png */,
				3A2063F927A2906F00D4ABDE /* surprised-6_bottom.png */,
				3A20638827A2906500D4ABDE /* surprised-6_middle.png */,
				3A20639527A2906600D4ABDE /* surprised-6_top.png */,
				3A20629427A2905600D4ABDE /* surprised-7_bottom.png */,
				3A2062EE27A2905A00D4ABDE /* surprised-7_middle.png */,
				3A20625027A2905000D4ABDE /* surprised-7_top.png */,
				3A20635E27A2906200D4ABDE /* surprised-8_bottom.png */,
				3A20625F27A2905100D4ABDE /* surprised-8_middle.png */,
				3A20635A27A2906200D4ABDE /* surprised-8_top.png */,
				3A2063AD27A2906B00D4ABDE /* surprised-9_bottom.png */,
				3A20626927A2905300D4ABDE /* surprised-9_middle.png */,
				3A20626727A2905300D4ABDE /* surprised-9_top.png */,
				3A2063B627A2906C00D4ABDE /* sweat_bottom.png */,
				3A20630427A2905C00D4ABDE /* sweat_middle.png */,
				3A20621927A2904E00D4ABDE /* sweat_top.png */,
				3A2063E527A2906E00D4ABDE /* sweat-1_bottom.png */,
				3A20635F27A2906200D4ABDE /* sweat-1_middle.png */,
				3A20621627A2904E00D4ABDE /* sweat-1_top.png */,
				3A20641427A2907000D4ABDE /* thief_bottom.png */,
				3A20627827A2905400D4ABDE /* thief_middle.png */,
				3A20640B27A2907000D4ABDE /* thief_top.png */,
				3A20624427A2905000D4ABDE /* thinking_bottom.png */,
				3A20644927A2907200D4ABDE /* thinking_middle.png */,
				3A2063E327A2906E00D4ABDE /* thinking_top.png */,
				3A20634827A2906000D4ABDE /* thinking-1_bottom.png */,
				3A2063CA27A2906D00D4ABDE /* thinking-1_middle.png */,
				3A20644A27A2907200D4ABDE /* thinking-1_top.png */,
				3A20629027A2905500D4ABDE /* thinking-2_bottom.png */,
				3A20639827A2906B00D4ABDE /* thinking-2_middle.png */,
				3A2063FE27A2906F00D4ABDE /* thinking-2_top.png */,
				3A20632227A2905D00D4ABDE /* tired_bottom.png */,
				3A2062CB27A2905800D4ABDE /* tired_middle.png */,
				3A2062C727A2905800D4ABDE /* tired_top.png */,
				3A20641527A2907000D4ABDE /* tired-1_bottom.png */,
				3A20630D27A2905C00D4ABDE /* tired-1_middle.png */,
				3A2062E327A2905A00D4ABDE /* tired-1_top.png */,
				3A20640D27A2907000D4ABDE /* tired-2_bottom.png */,
				3A20634527A2905F00D4ABDE /* tired-2_middle.png */,
				3A2062B527A2905700D4ABDE /* tired-2_top.png */,
				3A2063B727A2906C00D4ABDE /* tongue_bottom.png */,
				3A20628627A2905500D4ABDE /* tongue_middle.png */,
				3A20625927A2905100D4ABDE /* tongue_top.png */,
				3A2063E427A2906E00D4ABDE /* tongue-1_bottom.png */,
				3A2062EB27A2905A00D4ABDE /* tongue-1_middle.png */,
				3A20623E27A2905000D4ABDE /* tongue-1_top.png */,
				3A20637B27A2906500D4ABDE /* tongue-2_bottom.png */,
				3A2063EA27A2906E00D4ABDE /* tongue-2_middle.png */,
				3A20641C27A2907000D4ABDE /* tongue-2_top.png */,
				3A2062D127A2905900D4ABDE /* tongue-3_bottom.png */,
				3A2062AF27A2905700D4ABDE /* tongue-3_middle.png */,
				3A20643927A2907200D4ABDE /* tongue-3_top.png */,
				3A20642927A2907100D4ABDE /* tongue-4_bottom.png */,
				3A20638C27A2906500D4ABDE /* tongue-4_middle.png */,
				3A20628727A2905500D4ABDE /* tongue-4_top.png */,
				3A2063AF27A2906B00D4ABDE /* zombie_middle.png */,
				3A2063EC27A2906E00D4ABDE /* zombie_top.png */,
			);
			path = PhotoRobots;
			sourceTree = "<group>";
		};
		3A510CCB279FD87200B80118 /* PhotoRobot */ = {
			isa = PBXGroup;
			children = (
				3A510CCC279FD88800B80118 /* PhotoRobotsView.swift */,
				3A510CCE279FD90A00B80118 /* PhotoRobot.swift */,
				3A510CD0279FD93F00B80118 /* PhotoRobotContainer.swift */,
				3A510CD2279FDB1100B80118 /* PhotoRobotCreateView.swift */,
			);
			path = PhotoRobot;
			sourceTree = "<group>";
		};
		3AFF6EF6279E54DD007A36DE = {
			isa = PBXGroup;
			children = (
				3AFF6F01279E54DD007A36DE /* xx_wskpolice */,
				3AFF6F00279E54DD007A36DE /* Products */,
				5A7AF040E4E64DDCF24A63B1 /* Pods */,
				F7AE8F3792F38F537848BE01 /* Frameworks */,
			);
			sourceTree = "<group>";
		};
		3AFF6F00279E54DD007A36DE /* Products */ = {
			isa = PBXGroup;
			children = (
				3AFF6EFF279E54DD007A36DE /* xx_wskpolice.app */,
			);
			name = Products;
			sourceTree = "<group>";
		};
		3AFF6F01279E54DD007A36DE /* xx_wskpolice */ = {
			isa = PBXGroup;
			children = (
				3A205D4627A28C1300D4ABDE /* PhotoRobots */,
				3A510CCB279FD87200B80118 /* PhotoRobot */,
				3AFF6F2C279E8CFF007A36DE /* Paint */,
				3AFF6F29279E808B007A36DE /* AboutUs */,
				3AFF6F24279E76CA007A36DE /* Main */,
				3AFF6F1F279E5D17007A36DE /* Common */,
				3AFF6F1C279E58CD007A36DE /* Authorization */,
				3AFF6F11279E55DD007A36DE /* Fonts */,
				3AFF6F10279E55B9007A36DE /* xx-wskpolice-Info.plist */,
				3AFF6F02279E54DD007A36DE /* xx_wskpoliceApp.swift */,
				3AFF6F04279E54DD007A36DE /* ContentView.swift */,
				3AFF6F06279E54DE007A36DE /* Assets.xcassets */,
				3AFF6F08279E54DE007A36DE /* Preview Content */,
				3AFF6F1A279E570D007A36DE /* LaunchScreen.storyboard */,
			);
			path = xx_wskpolice;
			sourceTree = "<group>";
		};
		3AFF6F08279E54DE007A36DE /* Preview Content */ = {
			isa = PBXGroup;
			children = (
				3AFF6F09279E54DE007A36DE /* Preview Assets.xcassets */,
			);
			path = "Preview Content";
			sourceTree = "<group>";
		};
		3AFF6F11279E55DD007A36DE /* Fonts */ = {
			isa = PBXGroup;
			children = (
				3AFF6F14279E55EF007A36DE /* Scada-Bold.ttf */,
				3AFF6F13279E55EF007A36DE /* Scada-BoldItalic.ttf */,
				3AFF6F12279E55EF007A36DE /* Scada-Italic.ttf */,
				3AFF6F15279E55EF007A36DE /* Scada-Regular.ttf */,
			);
			path = Fonts;
			sourceTree = "<group>";
		};
		3AFF6F1C279E58CD007A36DE /* Authorization */ = {
			isa = PBXGroup;
			children = (
				3AFF6F1D279E58DE007A36DE /* LoginView.swift */,
			);
			path = Authorization;
			sourceTree = "<group>";
		};
		3AFF6F1F279E5D17007A36DE /* Common */ = {
			isa = PBXGroup;
			children = (
				3AFF6F20279E5D4C007A36DE /* Checkbox.swift */,
				3AFF6F22279E66E8007A36DE /* Captcha.swift */,
			);
			path = Common;
			sourceTree = "<group>";
		};
		3AFF6F24279E76CA007A36DE /* Main */ = {
			isa = PBXGroup;
			children = (
				3AFF6F27279E76DF007A36DE /* MainView.swift */,
			);
			path = Main;
			sourceTree = "<group>";
		};
		3AFF6F29279E808B007A36DE /* AboutUs */ = {
			isa = PBXGroup;
			children = (
				3AFF6F2A279E80A1007A36DE /* AboutUs.swift */,
			);
			path = AboutUs;
			sourceTree = "<group>";
		};
		3AFF6F2C279E8CFF007A36DE /* Paint */ = {
			isa = PBXGroup;
			children = (
				3AFF6F2D279E8D11007A36DE /* PaintView.swift */,
			);
			path = Paint;
			sourceTree = "<group>";
		};
		5A7AF040E4E64DDCF24A63B1 /* Pods */ = {
			isa = PBXGroup;
			children = (
				0CD59D3B7574914F02005FA9 /* Pods-xx_wskpolice.debug.xcconfig */,
				0478CA2A83BC341E28D7EA2E /* Pods-xx_wskpolice.release.xcconfig */,
			);
			path = Pods;
			sourceTree = "<group>";
		};
		F7AE8F3792F38F537848BE01 /* Frameworks */ = {
			isa = PBXGroup;
			children = (
				1753A34D8DA44554CFC6BC5D /* Pods_xx_wskpolice.framework */,
			);
			name = Frameworks;
			sourceTree = "<group>";
		};
/* End PBXGroup section */

/* Begin PBXNativeTarget section */
		3AFF6EFE279E54DD007A36DE /* xx_wskpolice */ = {
			isa = PBXNativeTarget;
			buildConfigurationList = 3AFF6F0D279E54DE007A36DE /* Build configuration list for PBXNativeTarget "xx_wskpolice" */;
			buildPhases = (
				7B9EB1511C6C97F2A5733895 /* [CP] Check Pods Manifest.lock */,
				3AFF6EFB279E54DD007A36DE /* Sources */,
				3AFF6EFC279E54DD007A36DE /* Frameworks */,
				3AFF6EFD279E54DD007A36DE /* Resources */,
				60AD6F507D1412F4A8364821 /* [CP] Embed Pods Frameworks */,
			);
			buildRules = (
			);
			dependencies = (
			);
			name = xx_wskpolice;
			productName = xx_wskpolice;
			productReference = 3AFF6EFF279E54DD007A36DE /* xx_wskpolice.app */;
			productType = "com.apple.product-type.application";
		};
/* End PBXNativeTarget section */

/* Begin PBXProject section */
		3AFF6EF7279E54DD007A36DE /* Project object */ = {
			isa = PBXProject;
			attributes = {
				BuildIndependentTargetsInParallel = 1;
				LastSwiftUpdateCheck = 1320;
				LastUpgradeCheck = 1320;
				TargetAttributes = {
					3AFF6EFE279E54DD007A36DE = {
						CreatedOnToolsVersion = 13.2.1;
					};
				};
			};
			buildConfigurationList = 3AFF6EFA279E54DD007A36DE /* Build configuration list for PBXProject "xx_wskpolice" */;
			compatibilityVersion = "Xcode 13.0";
			developmentRegion = en;
			hasScannedForEncodings = 0;
			knownRegions = (
				en,
				Base,
			);
			mainGroup = 3AFF6EF6279E54DD007A36DE;
			productRefGroup = 3AFF6F00279E54DD007A36DE /* Products */;
			projectDirPath = "";
			projectRoot = "";
			targets = (
				3AFF6EFE279E54DD007A36DE /* xx_wskpolice */,
			);
		};
/* End PBXProject section */

/* Begin PBXResourcesBuildPhase section */
		3AFF6EFD279E54DD007A36DE /* Resources */ = {
			isa = PBXResourcesBuildPhase;
			buildActionMask = 2147483647;
			files = (
				3A2065E327A2907300D4ABDE /* surprised-6_middle.png in Resources */,
				3A20647327A2907300D4ABDE /* pirate_bottom.png in Resources */,
				3A20649927A2907300D4ABDE /* tongue-1_top.png in Resources */,
				3A20659827A2907300D4ABDE /* nerd-8_bottom.png in Resources */,
				3A20649827A2907300D4ABDE /* sleepy_middle.png in Resources */,
				3A2065FB27A2907300D4ABDE /* smile-1_middle.png in Resources */,
				3A20649F27A2907300D4ABDE /* thinking_bottom.png in Resources */,
				3A20654627A2907300D4ABDE /* tongue-1_middle.png in Resources */,
				3A20669327A2907300D4ABDE /* outrage-1_middle.png in Resources */,
				3AFF6F19279E55EF007A36DE /* Scada-Regular.ttf in Resources */,
				3A20660727A2907300D4ABDE /* smart-1_bottom.png in Resources */,
				3A20654927A2907300D4ABDE /* surprised-7_middle.png in Resources */,
				3A2066A427A2907300D4ABDE /* thinking_middle.png in Resources */,
				3A20646827A2907300D4ABDE /* nervous_bottom.png in Resources */,
				3A20652C27A2907300D4ABDE /* tongue-3_bottom.png in Resources */,
				3A20662827A2907300D4ABDE /* phone-call_bottom.png in Resources */,
				3A20665927A2907300D4ABDE /* thinking-2_top.png in Resources */,
				3A20651D27A2907300D4ABDE /* nervous-1_top.png in Resources */,
				3A2064AB27A2907300D4ABDE /* surprised-7_top.png in Resources */,
				3A20666827A2907300D4ABDE /* tired-2_bottom.png in Resources */,
				3A2065B527A2907300D4ABDE /* surprised-8_top.png in Resources */,
				3A2065AD27A2907300D4ABDE /* surprised_bottom.png in Resources */,
				3A2064EA27A2907300D4ABDE /* outrage_top.png in Resources */,
				3A20657427A2907300D4ABDE /* phone-call_middle.png in Resources */,
				3A20647B27A2907300D4ABDE /* pain_top.png in Resources */,
				3A2064BA27A2907300D4ABDE /* surprised-8_middle.png in Resources */,
				3A2065E727A2907300D4ABDE /* tongue-4_middle.png in Resources */,
				3A20656827A2907300D4ABDE /* tired-1_middle.png in Resources */,
				3A2065BA27A2907300D4ABDE /* sweat-1_middle.png in Resources */,
				3AFF6F17279E55EF007A36DE /* Scada-BoldItalic.ttf in Resources */,
				3A2065A327A2907300D4ABDE /* thinking-1_bottom.png in Resources */,
				3A20662E27A2907300D4ABDE /* surprised-1_top.png in Resources */,
				3A2064F027A2907300D4ABDE /* nerd-8_top.png in Resources */,
				3A2064EF27A2907300D4ABDE /* surprised-7_bottom.png in Resources */,
				3A2064E927A2907300D4ABDE /* nerd-5_middle.png in Resources */,
				3A20647427A2907300D4ABDE /* sweat_top.png in Resources */,
				3A20664527A2907300D4ABDE /* tongue-2_middle.png in Resources */,
				3A2065BD27A2907300D4ABDE /* nerd-4_top.png in Resources */,
				3A20665C27A2907300D4ABDE /* surprised-2_top.png in Resources */,
				3A20652227A2907300D4ABDE /* tired_top.png in Resources */,
				3A20666027A2907300D4ABDE /* rich-1_bottom.png in Resources */,
				3A2064C727A2907300D4ABDE /* nerd-8_middle.png in Resources */,
				3A20662B27A2907300D4ABDE /* outrage_bottom.png in Resources */,
				3A20666727A2907300D4ABDE /* rich_middle.png in Resources */,
				3AFF6F0A279E54DE007A36DE /* Preview Assets.xcassets in Resources */,
				3A2064EB27A2907300D4ABDE /* thinking-2_bottom.png in Resources */,
				3A2064B227A2907300D4ABDE /* star_bottom.png in Resources */,
				3A20662927A2907300D4ABDE /* outrage-1_bottom.png in Resources */,
				3A20651B27A2907300D4ABDE /* nervous-1_middle.png in Resources */,
				3A20657D27A2907300D4ABDE /* tired_bottom.png in Resources */,
				3A20669427A2907300D4ABDE /* tongue-3_top.png in Resources */,
				3A20669527A2907300D4ABDE /* nerd-9_middle.png in Resources */,
				3A20657727A2907300D4ABDE /* nerd-6_bottom.png in Resources */,
				3A2065D027A2907300D4ABDE /* star_top.png in Resources */,
				3A20662527A2907300D4ABDE /* thinking-1_middle.png in Resources */,
				3A20653727A2907300D4ABDE /* surprised-3_bottom.png in Resources */,
				3A20649627A2907300D4ABDE /* nervous_middle.png in Resources */,
				3A2065E627A2907300D4ABDE /* smile_top.png in Resources */,
				3A20658B27A2907300D4ABDE /* surprised-1_middle.png in Resources */,
				3A20655727A2907300D4ABDE /* sun_middle.png in Resources */,
				3A2066AC27A2907300D4ABDE /* nurse_bottom.png in Resources */,
				3A2066A827A2907300D4ABDE /* outrage-1_top.png in Resources */,
				3A2064D327A2907300D4ABDE /* thief_middle.png in Resources */,
				3A2064B927A2907300D4ABDE /* surprised-5_top.png in Resources */,
				3A2066A527A2907300D4ABDE /* thinking-1_top.png in Resources */,
				3A20661127A2907300D4ABDE /* sweat_bottom.png in Resources */,
				3A20649127A2907300D4ABDE /* smile_bottom.png in Resources */,
				3A2065A027A2907300D4ABDE /* tired-2_middle.png in Resources */,
				3A20663E27A2907300D4ABDE /* thinking_top.png in Resources */,
				3A20661227A2907300D4ABDE /* tongue_bottom.png in Resources */,
				3A20667727A2907300D4ABDE /* tongue-2_top.png in Resources */,
				3A20662D27A2907300D4ABDE /* star_middle.png in Resources */,
				3A2065DD27A2907300D4ABDE /* pain_bottom.png in Resources */,
				3A2065F027A2907300D4ABDE /* surprised-6_top.png in Resources */,
				3A2064F327A2907300D4ABDE /* smile_middle.png in Resources */,
				3A20658A27A2907300D4ABDE /* police_middle.png in Resources */,
				3A20656927A2907300D4ABDE /* smart_bottom.png in Resources */,
				3A2064C327A2907300D4ABDE /* laughing_bottom.png in Resources */,
				3A2064F127A2907300D4ABDE /* popcorn_bottom.png in Resources */,
				3A20661827A2907300D4ABDE /* surprised_top.png in Resources */,
				3A20666D27A2907300D4ABDE /* surprised-4_middle.png in Resources */,
				3A20668427A2907300D4ABDE /* tongue-4_bottom.png in Resources */,
				3A20646127A2907300D4ABDE /* late_middle.png in Resources */,
				3A20668327A2907300D4ABDE /* smart-1_top.png in Resources */,
				3A20663927A2907300D4ABDE /* nerd-2_top.png in Resources */,
				3A20663727A2907300D4ABDE /* outrage_middle.png in Resources */,
				3A2066A727A2907300D4ABDE /* smart_top.png in Resources */,
				3A20647F27A2907300D4ABDE /* police_top.png in Resources */,
				3A20653927A2907300D4ABDE /* nerd-5_top.png in Resources */,
				3A20652B27A2907300D4ABDE /* nervous-1_bottom.png in Resources */,
				3A20650627A2907300D4ABDE /* pirate_middle.png in Resources */,
				3A20654327A2907300D4ABDE /* pirate_top.png in Resources */,
				3A20667427A2907300D4ABDE /* sun_bottom.png in Resources */,
				3A20648C27A2907300D4ABDE /* popcorn_top.png in Resources */,
				3A20660827A2907300D4ABDE /* surprised-9_bottom.png in Resources */,
				3A20651027A2907300D4ABDE /* tired-2_top.png in Resources */,
				3A2064C227A2907300D4ABDE /* surprised-9_top.png in Resources */,
				3A20666F27A2907300D4ABDE /* thief_bottom.png in Resources */,
				3A2064D427A2907300D4ABDE /* nerd-7_middle.png in Resources */,
				3A20654C27A2907300D4ABDE /* nerd-6_top.png in Resources */,
				3A20669227A2907300D4ABDE /* smile-1_top.png in Resources */,
				3A2065DE27A2907300D4ABDE /* nervous-2_top.png in Resources */,
				3A20653427A2907300D4ABDE /* popcorn_middle.png in Resources */,
				3A20654D27A2907300D4ABDE /* nerd-9_top.png in Resources */,
				3A20667227A2907300D4ABDE /* surprised-3_middle.png in Resources */,
				3A20654227A2907300D4ABDE /* late_top.png in Resources */,
				3A20663F27A2907300D4ABDE /* tongue-1_bottom.png in Resources */,
				3A2064DC27A2907300D4ABDE /* nerd-7_bottom.png in Resources */,
				3A2065F327A2907300D4ABDE /* thinking-2_middle.png in Resources */,
				3AFF6F18279E55EF007A36DE /* Scada-Bold.ttf in Resources */,
				3A20646B27A2907300D4ABDE /* nerd-3_bottom.png in Resources */,
				3A20660A27A2907300D4ABDE /* zombie_middle.png in Resources */,
				3A20665D27A2907300D4ABDE /* surprised-4_bottom.png in Resources */,
				3A20666627A2907300D4ABDE /* thief_top.png in Resources */,
				3A20667027A2907300D4ABDE /* tired-1_bottom.png in Resources */,
				3A20667327A2907300D4ABDE /* nerd-6_middle.png in Resources */,
				3A2064E227A2907300D4ABDE /* tongue-4_top.png in Resources */,
				3A2064E127A2907300D4ABDE /* tongue_middle.png in Resources */,
				3A20653227A2907300D4ABDE /* surprised-3_top.png in Resources */,
				3A2065B927A2907300D4ABDE /* surprised-8_bottom.png in Resources */,
				3A2064D227A2907300D4ABDE /* smart-1_middle.png in Resources */,
				3A2064B427A2907300D4ABDE /* tongue_top.png in Resources */,
				3A20653127A2907300D4ABDE /* pirate-1_top.png in Resources */,
				3A20653E27A2907300D4ABDE /* tired-1_top.png in Resources */,
				3A20663227A2907300D4ABDE /* nurse_top.png in Resources */,
				3A20668827A2907300D4ABDE /* nerd-3_middle.png in Resources */,
				3A20655B27A2907300D4ABDE /* pain_middle.png in Resources */,
				3A20647127A2907300D4ABDE /* sweat-1_top.png in Resources */,
				3A20662727A2907300D4ABDE /* nerd-4_middle.png in Resources */,
				3A2066B027A2907300D4ABDE /* rich_top.png in Resources */,
				3A20665A27A2907300D4ABDE /* pirate-1_middle.png in Resources */,
				3A20664727A2907300D4ABDE /* zombie_top.png in Resources */,
				3A2064C827A2907300D4ABDE /* police_bottom.png in Resources */,
				3A20653C27A2907300D4ABDE /* surprised-5_middle.png in Resources */,
				3A20659227A2907300D4ABDE /* nerd-3_top.png in Resources */,
				3A2065CB27A2907300D4ABDE /* surprised-1_bottom.png in Resources */,
				3A20660F27A2907300D4ABDE /* nerd-7_top.png in Resources */,
				3A2065EE27A2907300D4ABDE /* phone-call_top.png in Resources */,
				3A20665027A2907300D4ABDE /* smart_middle.png in Resources */,
				3A20662427A2907300D4ABDE /* sleepy_top.png in Resources */,
				3A20653B27A2907300D4ABDE /* surprised-4_top.png in Resources */,
				3AFF6F1B279E570D007A36DE /* LaunchScreen.storyboard in Resources */,
				3A2064A527A2907300D4ABDE /* nervous-2_middle.png in Resources */,
				3AFF6F07279E54DE007A36DE /* Assets.xcassets in Resources */,
				3AFF6F16279E55EF007A36DE /* Scada-Italic.ttf in Resources */,
				3A20651327A2907300D4ABDE /* pirate-1_bottom.png in Resources */,
				3A2066A927A2907300D4ABDE /* surprised-5_bottom.png in Resources */,
				3A20658627A2907300D4ABDE /* surprised_middle.png in Resources */,
				3A20655F27A2907300D4ABDE /* sweat_middle.png in Resources */,
				3A20655827A2907300D4ABDE /* smile-1_bottom.png in Resources */,
				3A20661727A2907300D4ABDE /* nerd-4_bottom.png in Resources */,
				3A2065A927A2907300D4ABDE /* nervous_top.png in Resources */,
				3A20664027A2907300D4ABDE /* sweat-1_bottom.png in Resources */,
				3A2065D627A2907300D4ABDE /* tongue-2_bottom.png in Resources */,
				3A2065E927A2907300D4ABDE /* surprised-2_bottom.png in Resources */,
				3A20665427A2907300D4ABDE /* surprised-6_bottom.png in Resources */,
				3A20647927A2907300D4ABDE /* nerd-5_bottom.png in Resources */,
				3A20660327A2907300D4ABDE /* nurse_middle.png in Resources */,
				3A20650A27A2907300D4ABDE /* tongue-3_middle.png in Resources */,
				3A20668C27A2907300D4ABDE /* sun_top.png in Resources */,
				3A20652627A2907300D4ABDE /* tired_middle.png in Resources */,
				3A2064C427A2907300D4ABDE /* surprised-9_middle.png in Resources */,
				3A20652127A2907300D4ABDE /* rich_bottom.png in Resources */,
				3A20664C27A2907300D4ABDE /* nerd-9_bottom.png in Resources */,
				3A20657527A2907300D4ABDE /* nervous-2_bottom.png in Resources */,
				3A20648827A2907300D4ABDE /* surprised-2_middle.png in Resources */,
			);
			runOnlyForDeploymentPostprocessing = 0;
		};
/* End PBXResourcesBuildPhase section */

/* Begin PBXShellScriptBuildPhase section */
		60AD6F507D1412F4A8364821 /* [CP] Embed Pods Frameworks */ = {
			isa = PBXShellScriptBuildPhase;
			buildActionMask = 2147483647;
			files = (
			);
			inputFileListPaths = (
				"${PODS_ROOT}/Target Support Files/Pods-xx_wskpolice/Pods-xx_wskpolice-frameworks-${CONFIGURATION}-input-files.xcfilelist",
			);
			name = "[CP] Embed Pods Frameworks";
			outputFileListPaths = (
				"${PODS_ROOT}/Target Support Files/Pods-xx_wskpolice/Pods-xx_wskpolice-frameworks-${CONFIGURATION}-output-files.xcfilelist",
			);
			runOnlyForDeploymentPostprocessing = 0;
			shellPath = /bin/sh;
			shellScript = "\"${PODS_ROOT}/Target Support Files/Pods-xx_wskpolice/Pods-xx_wskpolice-frameworks.sh\"\n";
			showEnvVarsInLog = 0;
		};
		7B9EB1511C6C97F2A5733895 /* [CP] Check Pods Manifest.lock */ = {
			isa = PBXShellScriptBuildPhase;
			buildActionMask = 2147483647;
			files = (
			);
			inputFileListPaths = (
			);
			inputPaths = (
				"${PODS_PODFILE_DIR_PATH}/Podfile.lock",
				"${PODS_ROOT}/Manifest.lock",
			);
			name = "[CP] Check Pods Manifest.lock";
			outputFileListPaths = (
			);
			outputPaths = (
				"$(DERIVED_FILE_DIR)/Pods-xx_wskpolice-checkManifestLockResult.txt",
			);
			runOnlyForDeploymentPostprocessing = 0;
			shellPath = /bin/sh;
			shellScript = "diff \"${PODS_PODFILE_DIR_PATH}/Podfile.lock\" \"${PODS_ROOT}/Manifest.lock\" > /dev/null\nif [ $? != 0 ] ; then\n    # print error to STDERR\n    echo \"error: The sandbox is not in sync with the Podfile.lock. Run 'pod install' or update your CocoaPods installation.\" >&2\n    exit 1\nfi\n# This output is used by Xcode 'outputs' to avoid re-running this script phase.\necho \"SUCCESS\" > \"${SCRIPT_OUTPUT_FILE_0}\"\n";
			showEnvVarsInLog = 0;
		};
/* End PBXShellScriptBuildPhase section */

/* Begin PBXSourcesBuildPhase section */
		3AFF6EFB279E54DD007A36DE /* Sources */ = {
			isa = PBXSourcesBuildPhase;
			buildActionMask = 2147483647;
			files = (
				3A510CD3279FDB1100B80118 /* PhotoRobotCreateView.swift in Sources */,
				3A510CD1279FD93F00B80118 /* PhotoRobotContainer.swift in Sources */,
				3AFF6F21279E5D4C007A36DE /* Checkbox.swift in Sources */,
				3A510CCD279FD88800B80118 /* PhotoRobotsView.swift in Sources */,
				3AFF6F2E279E8D11007A36DE /* PaintView.swift in Sources */,
				3AFF6F28279E76DF007A36DE /* MainView.swift in Sources */,
				3AFF6F1E279E58DE007A36DE /* LoginView.swift in Sources */,
				3AFF6F23279E66E8007A36DE /* Captcha.swift in Sources */,
				3AFF6F05279E54DD007A36DE /* ContentView.swift in Sources */,
				3AFF6F03279E54DD007A36DE /* xx_wskpoliceApp.swift in Sources */,
				3AFF6F2B279E80A1007A36DE /* AboutUs.swift in Sources */,
				3A510CCF279FD90A00B80118 /* PhotoRobot.swift in Sources */,
			);
			runOnlyForDeploymentPostprocessing = 0;
		};
/* End PBXSourcesBuildPhase section */

/* Begin XCBuildConfiguration section */
		3AFF6F0B279E54DE007A36DE /* Debug */ = {
			isa = XCBuildConfiguration;
			buildSettings = {
				ALWAYS_SEARCH_USER_PATHS = NO;
				CLANG_ANALYZER_NONNULL = YES;
				CLANG_ANALYZER_NUMBER_OBJECT_CONVERSION = YES_AGGRESSIVE;
				CLANG_CXX_LANGUAGE_STANDARD = "gnu++17";
				CLANG_CXX_LIBRARY = "libc++";
				CLANG_ENABLE_MODULES = YES;
				CLANG_ENABLE_OBJC_ARC = YES;
				CLANG_ENABLE_OBJC_WEAK = YES;
				CLANG_WARN_BLOCK_CAPTURE_AUTORELEASING = YES;
				CLANG_WARN_BOOL_CONVERSION = YES;
				CLANG_WARN_COMMA = YES;
				CLANG_WARN_CONSTANT_CONVERSION = YES;
				CLANG_WARN_DEPRECATED_OBJC_IMPLEMENTATIONS = YES;
				CLANG_WARN_DIRECT_OBJC_ISA_USAGE = YES_ERROR;
				CLANG_WARN_DOCUMENTATION_COMMENTS = YES;
				CLANG_WARN_EMPTY_BODY = YES;
				CLANG_WARN_ENUM_CONVERSION = YES;
				CLANG_WARN_INFINITE_RECURSION = YES;
				CLANG_WARN_INT_CONVERSION = YES;
				CLANG_WARN_NON_LITERAL_NULL_CONVERSION = YES;
				CLANG_WARN_OBJC_IMPLICIT_RETAIN_SELF = YES;
				CLANG_WARN_OBJC_LITERAL_CONVERSION = YES;
				CLANG_WARN_OBJC_ROOT_CLASS = YES_ERROR;
				CLANG_WARN_QUOTED_INCLUDE_IN_FRAMEWORK_HEADER = YES;
				CLANG_WARN_RANGE_LOOP_ANALYSIS = YES;
				CLANG_WARN_STRICT_PROTOTYPES = YES;
				CLANG_WARN_SUSPICIOUS_MOVE = YES;
				CLANG_WARN_UNGUARDED_AVAILABILITY = YES_AGGRESSIVE;
				CLANG_WARN_UNREACHABLE_CODE = YES;
				CLANG_WARN__DUPLICATE_METHOD_MATCH = YES;
				COPY_PHASE_STRIP = NO;
				DEBUG_INFORMATION_FORMAT = dwarf;
				ENABLE_STRICT_OBJC_MSGSEND = YES;
				ENABLE_TESTABILITY = YES;
				GCC_C_LANGUAGE_STANDARD = gnu11;
				GCC_DYNAMIC_NO_PIC = NO;
				GCC_NO_COMMON_BLOCKS = YES;
				GCC_OPTIMIZATION_LEVEL = 0;
				GCC_PREPROCESSOR_DEFINITIONS = (
					"DEBUG=1",
					"$(inherited)",
				);
				GCC_WARN_64_TO_32_BIT_CONVERSION = YES;
				GCC_WARN_ABOUT_RETURN_TYPE = YES_ERROR;
				GCC_WARN_UNDECLARED_SELECTOR = YES;
				GCC_WARN_UNINITIALIZED_AUTOS = YES_AGGRESSIVE;
				GCC_WARN_UNUSED_FUNCTION = YES;
				GCC_WARN_UNUSED_VARIABLE = YES;
				IPHONEOS_DEPLOYMENT_TARGET = 15.2;
				MTL_ENABLE_DEBUG_INFO = INCLUDE_SOURCE;
				MTL_FAST_MATH = YES;
				ONLY_ACTIVE_ARCH = YES;
				SDKROOT = iphoneos;
				SWIFT_ACTIVE_COMPILATION_CONDITIONS = DEBUG;
				SWIFT_OPTIMIZATION_LEVEL = "-Onone";
			};
			name = Debug;
		};
		3AFF6F0C279E54DE007A36DE /* Release */ = {
			isa = XCBuildConfiguration;
			buildSettings = {
				ALWAYS_SEARCH_USER_PATHS = NO;
				CLANG_ANALYZER_NONNULL = YES;
				CLANG_ANALYZER_NUMBER_OBJECT_CONVERSION = YES_AGGRESSIVE;
				CLANG_CXX_LANGUAGE_STANDARD = "gnu++17";
				CLANG_CXX_LIBRARY = "libc++";
				CLANG_ENABLE_MODULES = YES;
				CLANG_ENABLE_OBJC_ARC = YES;
				CLANG_ENABLE_OBJC_WEAK = YES;
				CLANG_WARN_BLOCK_CAPTURE_AUTORELEASING = YES;
				CLANG_WARN_BOOL_CONVERSION = YES;
				CLANG_WARN_COMMA = YES;
				CLANG_WARN_CONSTANT_CONVERSION = YES;
				CLANG_WARN_DEPRECATED_OBJC_IMPLEMENTATIONS = YES;
				CLANG_WARN_DIRECT_OBJC_ISA_USAGE = YES_ERROR;
				CLANG_WARN_DOCUMENTATION_COMMENTS = YES;
				CLANG_WARN_EMPTY_BODY = YES;
				CLANG_WARN_ENUM_CONVERSION = YES;
				CLANG_WARN_INFINITE_RECURSION = YES;
				CLANG_WARN_INT_CONVERSION = YES;
				CLANG_WARN_NON_LITERAL_NULL_CONVERSION = YES;
				CLANG_WARN_OBJC_IMPLICIT_RETAIN_SELF = YES;
				CLANG_WARN_OBJC_LITERAL_CONVERSION = YES;
				CLANG_WARN_OBJC_ROOT_CLASS = YES_ERROR;
				CLANG_WARN_QUOTED_INCLUDE_IN_FRAMEWORK_HEADER = YES;
				CLANG_WARN_RANGE_LOOP_ANALYSIS = YES;
				CLANG_WARN_STRICT_PROTOTYPES = YES;
				CLANG_WARN_SUSPICIOUS_MOVE = YES;
				CLANG_WARN_UNGUARDED_AVAILABILITY = YES_AGGRESSIVE;
				CLANG_WARN_UNREACHABLE_CODE = YES;
				CLANG_WARN__DUPLICATE_METHOD_MATCH = YES;
				COPY_PHASE_STRIP = NO;
				DEBUG_INFORMATION_FORMAT = "dwarf-with-dsym";
				ENABLE_NS_ASSERTIONS = NO;
				ENABLE_STRICT_OBJC_MSGSEND = YES;
				GCC_C_LANGUAGE_STANDARD = gnu11;
				GCC_NO_COMMON_BLOCKS = YES;
				GCC_WARN_64_TO_32_BIT_CONVERSION = YES;
				GCC_WARN_ABOUT_RETURN_TYPE = YES_ERROR;
				GCC_WARN_UNDECLARED_SELECTOR = YES;
				GCC_WARN_UNINITIALIZED_AUTOS = YES_AGGRESSIVE;
				GCC_WARN_UNUSED_FUNCTION = YES;
				GCC_WARN_UNUSED_VARIABLE = YES;
				IPHONEOS_DEPLOYMENT_TARGET = 15.2;
				MTL_ENABLE_DEBUG_INFO = NO;
				MTL_FAST_MATH = YES;
				SDKROOT = iphoneos;
				SWIFT_COMPILATION_MODE = wholemodule;
				SWIFT_OPTIMIZATION_LEVEL = "-O";
				VALIDATE_PRODUCT = YES;
			};
			name = Release;
		};
		3AFF6F0E279E54DE007A36DE /* Debug */ = {
			isa = XCBuildConfiguration;
			baseConfigurationReference = 0CD59D3B7574914F02005FA9 /* Pods-xx_wskpolice.debug.xcconfig */;
			buildSettings = {
				ASSETCATALOG_COMPILER_APPICON_NAME = AppIcon;
				ASSETCATALOG_COMPILER_GLOBAL_ACCENT_COLOR_NAME = AccentColor;
				CODE_SIGN_STYLE = Automatic;
				CURRENT_PROJECT_VERSION = 1;
				DEVELOPMENT_ASSET_PATHS = "\"xx_wskpolice/Preview Content\"";
				DEVELOPMENT_TEAM = 73S8J9N7ZU;
				ENABLE_PREVIEWS = YES;
				GENERATE_INFOPLIST_FILE = YES;
				INFOPLIST_FILE = "xx-wskpolice-Info.plist";
				INFOPLIST_KEY_UIApplicationSceneManifest_Generation = YES;
				INFOPLIST_KEY_UIApplicationSupportsIndirectInputEvents = YES;
				INFOPLIST_KEY_UILaunchScreen_Generation = YES;
				INFOPLIST_KEY_UISupportedInterfaceOrientations_iPad = "UIInterfaceOrientationPortrait UIInterfaceOrientationPortraitUpsideDown UIInterfaceOrientationLandscapeLeft UIInterfaceOrientationLandscapeRight";
				INFOPLIST_KEY_UISupportedInterfaceOrientations_iPhone = "UIInterfaceOrientationPortrait UIInterfaceOrientationLandscapeLeft UIInterfaceOrientationLandscapeRight";
				LD_RUNPATH_SEARCH_PATHS = (
					"$(inherited)",
					"@executable_path/Frameworks",
				);
				MARKETING_VERSION = 1.0;
				PRODUCT_BUNDLE_IDENTIFIER = "KriDan.xx-wskpolice";
				PRODUCT_NAME = "$(TARGET_NAME)";
				SWIFT_EMIT_LOC_STRINGS = YES;
				SWIFT_VERSION = 5.0;
				TARGETED_DEVICE_FAMILY = "1,2";
			};
			name = Debug;
		};
		3AFF6F0F279E54DE007A36DE /* Release */ = {
			isa = XCBuildConfiguration;
			baseConfigurationReference = 0478CA2A83BC341E28D7EA2E /* Pods-xx_wskpolice.release.xcconfig */;
			buildSettings = {
				ASSETCATALOG_COMPILER_APPICON_NAME = AppIcon;
				ASSETCATALOG_COMPILER_GLOBAL_ACCENT_COLOR_NAME = AccentColor;
				CODE_SIGN_STYLE = Automatic;
				CURRENT_PROJECT_VERSION = 1;
				DEVELOPMENT_ASSET_PATHS = "\"xx_wskpolice/Preview Content\"";
				DEVELOPMENT_TEAM = 73S8J9N7ZU;
				ENABLE_PREVIEWS = YES;
				GENERATE_INFOPLIST_FILE = YES;
				INFOPLIST_FILE = "xx-wskpolice-Info.plist";
				INFOPLIST_KEY_UIApplicationSceneManifest_Generation = YES;
				INFOPLIST_KEY_UIApplicationSupportsIndirectInputEvents = YES;
				INFOPLIST_KEY_UILaunchScreen_Generation = YES;
				INFOPLIST_KEY_UISupportedInterfaceOrientations_iPad = "UIInterfaceOrientationPortrait UIInterfaceOrientationPortraitUpsideDown UIInterfaceOrientationLandscapeLeft UIInterfaceOrientationLandscapeRight";
				INFOPLIST_KEY_UISupportedInterfaceOrientations_iPhone = "UIInterfaceOrientationPortrait UIInterfaceOrientationLandscapeLeft UIInterfaceOrientationLandscapeRight";
				LD_RUNPATH_SEARCH_PATHS = (
					"$(inherited)",
					"@executable_path/Frameworks",
				);
				MARKETING_VERSION = 1.0;
				PRODUCT_BUNDLE_IDENTIFIER = "KriDan.xx-wskpolice";
				PRODUCT_NAME = "$(TARGET_NAME)";
				SWIFT_EMIT_LOC_STRINGS = YES;
				SWIFT_VERSION = 5.0;
				TARGETED_DEVICE_FAMILY = "1,2";
			};
			name = Release;
		};
/* End XCBuildConfiguration section */

/* Begin XCConfigurationList section */
		3AFF6EFA279E54DD007A36DE /* Build configuration list for PBXProject "xx_wskpolice" */ = {
			isa = XCConfigurationList;
			buildConfigurations = (
				3AFF6F0B279E54DE007A36DE /* Debug */,
				3AFF6F0C279E54DE007A36DE /* Release */,
			);
			defaultConfigurationIsVisible = 0;
			defaultConfigurationName = Release;
		};
		3AFF6F0D279E54DE007A36DE /* Build configuration list for PBXNativeTarget "xx_wskpolice" */ = {
			isa = XCConfigurationList;
			buildConfigurations = (
				3AFF6F0E279E54DE007A36DE /* Debug */,
				3AFF6F0F279E54DE007A36DE /* Release */,
			);
			defaultConfigurationIsVisible = 0;
			defaultConfigurationName = Release;
		};
/* End XCConfigurationList section */
	};
	rootObject = 3AFF6EF7279E54DD007A36DE /* Project object */;
}
