// !$*UTF8*$!
{
	archiveVersion = 1;
	classes = {
	};
	objectVersion = 55;
	objects = {

/* Begin PBXBuildFile section */
		3AFF6F03279E54DD007A36DE /* xx_wskpoliceApp.swift in Sources */ = {isa = PBXBuildFile; fileRef = 3AFF6F02279E54DD007A36DE /* xx_wskpoliceApp.swift */; };
		3AFF6F05279E54DD007A36DE /* ContentView.swift in Sources */ = {isa = PBXBuildFile; fileRef = 3AFF6F04279E54DD007A36DE /* ContentView.swift */; };
		3AFF6F07279E54DE007A36DE /* Assets.xcassets in Resources */ = {isa = PBXBuildFile; fileRef = 3AFF6F06279E54DE007A36DE /* Assets.xcassets */; };
		3AFF6F0A279E54DE007A36DE /* Preview Assets.xcassets in Resources */ = {isa = PBXBuildFile; fileRef = 3AFF6F09279E54DE007A36DE /* Preview Assets.xcassets */; };
		3AFF6F16279E55EF007A36DE /* Scada-Italic.ttf in Resources */ = {isa = PBXBuildFile; fileRef = 3AFF6F12279E55EF007A36DE /* Scada-Italic.ttf */; };
		3AFF6F17279E55EF007A36DE /* Scada-BoldItalic.ttf in Resources */ = {isa = PBXBuildFile; fileRef = 3AFF6F13279E55EF007A36DE /* Scada-BoldItalic.ttf */; };
		3AFF6F18279E55EF007A36DE /* Scada-Bold.ttf in Resources */ = {isa = PBXBuildFile; fileRef = 3AFF6F14279E55EF007A36DE /* Scada-Bold.ttf */; };
		3AFF6F19279E55EF007A36DE /* Scada-Regular.ttf in Resources */ = {isa = PBXBuildFile; fileRef = 3AFF6F15279E55EF007A36DE /* Scada-Regular.ttf */; };
		AB3FAC42BADD80E362BE5988 /* Pods_xx_wskpolice.framework in Frameworks */ = {isa = PBXBuildFile; fileRef = 1753A34D8DA44554CFC6BC5D /* Pods_xx_wskpolice.framework */; };
/* End PBXBuildFile section */

/* Begin PBXFileReference section */
		0478CA2A83BC341E28D7EA2E /* Pods-xx_wskpolice.release.xcconfig */ = {isa = PBXFileReference; includeInIndex = 1; lastKnownFileType = text.xcconfig; name = "Pods-xx_wskpolice.release.xcconfig"; path = "Target Support Files/Pods-xx_wskpolice/Pods-xx_wskpolice.release.xcconfig"; sourceTree = "<group>"; };
		0CD59D3B7574914F02005FA9 /* Pods-xx_wskpolice.debug.xcconfig */ = {isa = PBXFileReference; includeInIndex = 1; lastKnownFileType = text.xcconfig; name = "Pods-xx_wskpolice.debug.xcconfig"; path = "Target Support Files/Pods-xx_wskpolice/Pods-xx_wskpolice.debug.xcconfig"; sourceTree = "<group>"; };
		1753A34D8DA44554CFC6BC5D /* Pods_xx_wskpolice.framework */ = {isa = PBXFileReference; explicitFileType = wrapper.framework; includeInIndex = 0; path = Pods_xx_wskpolice.framework; sourceTree = BUILT_PRODUCTS_DIR; };
		3AFF6EFF279E54DD007A36DE /* xx_wskpolice.app */ = {isa = PBXFileReference; explicitFileType = wrapper.application; includeInIndex = 0; path = xx_wskpolice.app; sourceTree = BUILT_PRODUCTS_DIR; };
		3AFF6F02279E54DD007A36DE /* xx_wskpoliceApp.swift */ = {isa = PBXFileReference; lastKnownFileType = sourcecode.swift; path = xx_wskpoliceApp.swift; sourceTree = "<group>"; };
		3AFF6F04279E54DD007A36DE /* ContentView.swift */ = {isa = PBXFileReference; lastKnownFileType = sourcecode.swift; path = ContentView.swift; sourceTree = "<group>"; };
		3AFF6F06279E54DE007A36DE /* Assets.xcassets */ = {isa = PBXFileReference; lastKnownFileType = folder.assetcatalog; path = Assets.xcassets; sourceTree = "<group>"; };
		3AFF6F09279E54DE007A36DE /* Preview Assets.xcassets */ = {isa = PBXFileReference; lastKnownFileType = folder.assetcatalog; path = "Preview Assets.xcassets"; sourceTree = "<group>"; };
		3AFF6F10279E55B9007A36DE /* xx-wskpolice-Info.plist */ = {isa = PBXFileReference; lastKnownFileType = text.plist; path = "xx-wskpolice-Info.plist"; sourceTree = SOURCE_ROOT; };
		3AFF6F12279E55EF007A36DE /* Scada-Italic.ttf */ = {isa = PBXFileReference; lastKnownFileType = file; path = "Scada-Italic.ttf"; sourceTree = "<group>"; };
		3AFF6F13279E55EF007A36DE /* Scada-BoldItalic.ttf */ = {isa = PBXFileReference; lastKnownFileType = file; path = "Scada-BoldItalic.ttf"; sourceTree = "<group>"; };
		3AFF6F14279E55EF007A36DE /* Scada-Bold.ttf */ = {isa = PBXFileReference; lastKnownFileType = file; path = "Scada-Bold.ttf"; sourceTree = "<group>"; };
		3AFF6F15279E55EF007A36DE /* Scada-Regular.ttf */ = {isa = PBXFileReference; lastKnownFileType = file; path = "Scada-Regular.ttf"; sourceTree = "<group>"; };
/* End PBXFileReference section */

/* Begin PBXFrameworksBuildPhase section */
		3AFF6EFC279E54DD007A36DE /* Frameworks */ = {
			isa = PBXFrameworksBuildPhase;
			buildActionMask = 2147483647;
			files = (
				AB3FAC42BADD80E362BE5988 /* Pods_xx_wskpolice.framework in Frameworks */,
			);
			runOnlyForDeploymentPostprocessing = 0;
		};
/* End PBXFrameworksBuildPhase section */

/* Begin PBXGroup section */
		3AFF6EF6279E54DD007A36DE = {
			isa = PBXGroup;
			children = (
				3AFF6F01279E54DD007A36DE /* xx_wskpolice */,
				3AFF6F00279E54DD007A36DE /* Products */,
				5A7AF040E4E64DDCF24A63B1 /* Pods */,
				F7AE8F3792F38F537848BE01 /* Frameworks */,
			);
			sourceTree = "<group>";
		};
		3AFF6F00279E54DD007A36DE /* Products */ = {
			isa = PBXGroup;
			children = (
				3AFF6EFF279E54DD007A36DE /* xx_wskpolice.app */,
			);
			name = Products;
			sourceTree = "<group>";
		};
		3AFF6F01279E54DD007A36DE /* xx_wskpolice */ = {
			isa = PBXGroup;
			children = (
				3AFF6F11279E55DD007A36DE /* Fonts */,
				3AFF6F10279E55B9007A36DE /* xx-wskpolice-Info.plist */,
				3AFF6F02279E54DD007A36DE /* xx_wskpoliceApp.swift */,
				3AFF6F04279E54DD007A36DE /* ContentView.swift */,
				3AFF6F06279E54DE007A36DE /* Assets.xcassets */,
				3AFF6F08279E54DE007A36DE /* Preview Content */,
			);
			path = xx_wskpolice;
			sourceTree = "<group>";
		};
		3AFF6F08279E54DE007A36DE /* Preview Content */ = {
			isa = PBXGroup;
			children = (
				3AFF6F09279E54DE007A36DE /* Preview Assets.xcassets */,
			);
			path = "Preview Content";
			sourceTree = "<group>";
		};
		3AFF6F11279E55DD007A36DE /* Fonts */ = {
			isa = PBXGroup;
			children = (
				3AFF6F14279E55EF007A36DE /* Scada-Bold.ttf */,
				3AFF6F13279E55EF007A36DE /* Scada-BoldItalic.ttf */,
				3AFF6F12279E55EF007A36DE /* Scada-Italic.ttf */,
				3AFF6F15279E55EF007A36DE /* Scada-Regular.ttf */,
			);
			path = Fonts;
			sourceTree = "<group>";
		};
		5A7AF040E4E64DDCF24A63B1 /* Pods */ = {
			isa = PBXGroup;
			children = (
				0CD59D3B7574914F02005FA9 /* Pods-xx_wskpolice.debug.xcconfig */,
				0478CA2A83BC341E28D7EA2E /* Pods-xx_wskpolice.release.xcconfig */,
			);
			name = Pods;
			path = Pods;
			sourceTree = "<group>";
		};
		F7AE8F3792F38F537848BE01 /* Frameworks */ = {
			isa = PBXGroup;
			children = (
				1753A34D8DA44554CFC6BC5D /* Pods_xx_wskpolice.framework */,
			);
			name = Frameworks;
			sourceTree = "<group>";
		};
/* End PBXGroup section */

/* Begin PBXNativeTarget section */
		3AFF6EFE279E54DD007A36DE /* xx_wskpolice */ = {
			isa = PBXNativeTarget;
			buildConfigurationList = 3AFF6F0D279E54DE007A36DE /* Build configuration list for PBXNativeTarget "xx_wskpolice" */;
			buildPhases = (
				7B9EB1511C6C97F2A5733895 /* [CP] Check Pods Manifest.lock */,
				3AFF6EFB279E54DD007A36DE /* Sources */,
				3AFF6EFC279E54DD007A36DE /* Frameworks */,
				3AFF6EFD279E54DD007A36DE /* Resources */,
				60AD6F507D1412F4A8364821 /* [CP] Embed Pods Frameworks */,
			);
			buildRules = (
			);
			dependencies = (
			);
			name = xx_wskpolice;
			productName = xx_wskpolice;
			productReference = 3AFF6EFF279E54DD007A36DE /* xx_wskpolice.app */;
			productType = "com.apple.product-type.application";
		};
/* End PBXNativeTarget section */

/* Begin PBXProject section */
		3AFF6EF7279E54DD007A36DE /* Project object */ = {
			isa = PBXProject;
			attributes = {
				BuildIndependentTargetsInParallel = 1;
				LastSwiftUpdateCheck = 1320;
				LastUpgradeCheck = 1320;
				TargetAttributes = {
					3AFF6EFE279E54DD007A36DE = {
						CreatedOnToolsVersion = 13.2.1;
					};
				};
			};
			buildConfigurationList = 3AFF6EFA279E54DD007A36DE /* Build configuration list for PBXProject "xx_wskpolice" */;
			compatibilityVersion = "Xcode 13.0";
			developmentRegion = en;
			hasScannedForEncodings = 0;
			knownRegions = (
				en,
				Base,
			);
			mainGroup = 3AFF6EF6279E54DD007A36DE;
			productRefGroup = 3AFF6F00279E54DD007A36DE /* Products */;
			projectDirPath = "";
			projectRoot = "";
			targets = (
				3AFF6EFE279E54DD007A36DE /* xx_wskpolice */,
			);
		};
/* End PBXProject section */

/* Begin PBXResourcesBuildPhase section */
		3AFF6EFD279E54DD007A36DE /* Resources */ = {
			isa = PBXResourcesBuildPhase;
			buildActionMask = 2147483647;
			files = (
				3AFF6F19279E55EF007A36DE /* Scada-Regular.ttf in Resources */,
				3AFF6F17279E55EF007A36DE /* Scada-BoldItalic.ttf in Resources */,
				3AFF6F0A279E54DE007A36DE /* Preview Assets.xcassets in Resources */,
				3AFF6F18279E55EF007A36DE /* Scada-Bold.ttf in Resources */,
				3AFF6F07279E54DE007A36DE /* Assets.xcassets in Resources */,
				3AFF6F16279E55EF007A36DE /* Scada-Italic.ttf in Resources */,
			);
			runOnlyForDeploymentPostprocessing = 0;
		};
/* End PBXResourcesBuildPhase section */

/* Begin PBXShellScriptBuildPhase section */
		60AD6F507D1412F4A8364821 /* [CP] Embed Pods Frameworks */ = {
			isa = PBXShellScriptBuildPhase;
			buildActionMask = 2147483647;
			files = (
			);
			inputFileListPaths = (
				"${PODS_ROOT}/Target Support Files/Pods-xx_wskpolice/Pods-xx_wskpolice-frameworks-${CONFIGURATION}-input-files.xcfilelist",
			);
			name = "[CP] Embed Pods Frameworks";
			outputFileListPaths = (
				"${PODS_ROOT}/Target Support Files/Pods-xx_wskpolice/Pods-xx_wskpolice-frameworks-${CONFIGURATION}-output-files.xcfilelist",
			);
			runOnlyForDeploymentPostprocessing = 0;
			shellPath = /bin/sh;
			shellScript = "\"${PODS_ROOT}/Target Support Files/Pods-xx_wskpolice/Pods-xx_wskpolice-frameworks.sh\"\n";
			showEnvVarsInLog = 0;
		};
		7B9EB1511C6C97F2A5733895 /* [CP] Check Pods Manifest.lock */ = {
			isa = PBXShellScriptBuildPhase;
			buildActionMask = 2147483647;
			files = (
			);
			inputFileListPaths = (
			);
			inputPaths = (
				"${PODS_PODFILE_DIR_PATH}/Podfile.lock",
				"${PODS_ROOT}/Manifest.lock",
			);
			name = "[CP] Check Pods Manifest.lock";
			outputFileListPaths = (
			);
			outputPaths = (
				"$(DERIVED_FILE_DIR)/Pods-xx_wskpolice-checkManifestLockResult.txt",
			);
			runOnlyForDeploymentPostprocessing = 0;
			shellPath = /bin/sh;
			shellScript = "diff \"${PODS_PODFILE_DIR_PATH}/Podfile.lock\" \"${PODS_ROOT}/Manifest.lock\" > /dev/null\nif [ $? != 0 ] ; then\n    # print error to STDERR\n    echo \"error: The sandbox is not in sync with the Podfile.lock. Run 'pod install' or update your CocoaPods installation.\" >&2\n    exit 1\nfi\n# This output is used by Xcode 'outputs' to avoid re-running this script phase.\necho \"SUCCESS\" > \"${SCRIPT_OUTPUT_FILE_0}\"\n";
			showEnvVarsInLog = 0;
		};
/* End PBXShellScriptBuildPhase section */

/* Begin PBXSourcesBuildPhase section */
		3AFF6EFB279E54DD007A36DE /* Sources */ = {
			isa = PBXSourcesBuildPhase;
			buildActionMask = 2147483647;
			files = (
				3AFF6F05279E54DD007A36DE /* ContentView.swift in Sources */,
				3AFF6F03279E54DD007A36DE /* xx_wskpoliceApp.swift in Sources */,
			);
			runOnlyForDeploymentPostprocessing = 0;
		};
/* End PBXSourcesBuildPhase section */

/* Begin XCBuildConfiguration section */
		3AFF6F0B279E54DE007A36DE /* Debug */ = {
			isa = XCBuildConfiguration;
			buildSettings = {
				ALWAYS_SEARCH_USER_PATHS = NO;
				CLANG_ANALYZER_NONNULL = YES;
				CLANG_ANALYZER_NUMBER_OBJECT_CONVERSION = YES_AGGRESSIVE;
				CLANG_CXX_LANGUAGE_STANDARD = "gnu++17";
				CLANG_CXX_LIBRARY = "libc++";
				CLANG_ENABLE_MODULES = YES;
				CLANG_ENABLE_OBJC_ARC = YES;
				CLANG_ENABLE_OBJC_WEAK = YES;
				CLANG_WARN_BLOCK_CAPTURE_AUTORELEASING = YES;
				CLANG_WARN_BOOL_CONVERSION = YES;
				CLANG_WARN_COMMA = YES;
				CLANG_WARN_CONSTANT_CONVERSION = YES;
				CLANG_WARN_DEPRECATED_OBJC_IMPLEMENTATIONS = YES;
				CLANG_WARN_DIRECT_OBJC_ISA_USAGE = YES_ERROR;
				CLANG_WARN_DOCUMENTATION_COMMENTS = YES;
				CLANG_WARN_EMPTY_BODY = YES;
				CLANG_WARN_ENUM_CONVERSION = YES;
				CLANG_WARN_INFINITE_RECURSION = YES;
				CLANG_WARN_INT_CONVERSION = YES;
				CLANG_WARN_NON_LITERAL_NULL_CONVERSION = YES;
				CLANG_WARN_OBJC_IMPLICIT_RETAIN_SELF = YES;
				CLANG_WARN_OBJC_LITERAL_CONVERSION = YES;
				CLANG_WARN_OBJC_ROOT_CLASS = YES_ERROR;
				CLANG_WARN_QUOTED_INCLUDE_IN_FRAMEWORK_HEADER = YES;
				CLANG_WARN_RANGE_LOOP_ANALYSIS = YES;
				CLANG_WARN_STRICT_PROTOTYPES = YES;
				CLANG_WARN_SUSPICIOUS_MOVE = YES;
				CLANG_WARN_UNGUARDED_AVAILABILITY = YES_AGGRESSIVE;
				CLANG_WARN_UNREACHABLE_CODE = YES;
				CLANG_WARN__DUPLICATE_METHOD_MATCH = YES;
				COPY_PHASE_STRIP = NO;
				DEBUG_INFORMATION_FORMAT = dwarf;
				ENABLE_STRICT_OBJC_MSGSEND = YES;
				ENABLE_TESTABILITY = YES;
				GCC_C_LANGUAGE_STANDARD = gnu11;
				GCC_DYNAMIC_NO_PIC = NO;
				GCC_NO_COMMON_BLOCKS = YES;
				GCC_OPTIMIZATION_LEVEL = 0;
				GCC_PREPROCESSOR_DEFINITIONS = (
					"DEBUG=1",
					"$(inherited)",
				);
				GCC_WARN_64_TO_32_BIT_CONVERSION = YES;
				GCC_WARN_ABOUT_RETURN_TYPE = YES_ERROR;
				GCC_WARN_UNDECLARED_SELECTOR = YES;
				GCC_WARN_UNINITIALIZED_AUTOS = YES_AGGRESSIVE;
				GCC_WARN_UNUSED_FUNCTION = YES;
				GCC_WARN_UNUSED_VARIABLE = YES;
				IPHONEOS_DEPLOYMENT_TARGET = 15.2;
				MTL_ENABLE_DEBUG_INFO = INCLUDE_SOURCE;
				MTL_FAST_MATH = YES;
				ONLY_ACTIVE_ARCH = YES;
				SDKROOT = iphoneos;
				SWIFT_ACTIVE_COMPILATION_CONDITIONS = DEBUG;
				SWIFT_OPTIMIZATION_LEVEL = "-Onone";
			};
			name = Debug;
		};
		3AFF6F0C279E54DE007A36DE /* Release */ = {
			isa = XCBuildConfiguration;
			buildSettings = {
				ALWAYS_SEARCH_USER_PATHS = NO;
				CLANG_ANALYZER_NONNULL = YES;
				CLANG_ANALYZER_NUMBER_OBJECT_CONVERSION = YES_AGGRESSIVE;
				CLANG_CXX_LANGUAGE_STANDARD = "gnu++17";
				CLANG_CXX_LIBRARY = "libc++";
				CLANG_ENABLE_MODULES = YES;
				CLANG_ENABLE_OBJC_ARC = YES;
				CLANG_ENABLE_OBJC_WEAK = YES;
				CLANG_WARN_BLOCK_CAPTURE_AUTORELEASING = YES;
				CLANG_WARN_BOOL_CONVERSION = YES;
				CLANG_WARN_COMMA = YES;
				CLANG_WARN_CONSTANT_CONVERSION = YES;
				CLANG_WARN_DEPRECATED_OBJC_IMPLEMENTATIONS = YES;
				CLANG_WARN_DIRECT_OBJC_ISA_USAGE = YES_ERROR;
				CLANG_WARN_DOCUMENTATION_COMMENTS = YES;
				CLANG_WARN_EMPTY_BODY = YES;
				CLANG_WARN_ENUM_CONVERSION = YES;
				CLANG_WARN_INFINITE_RECURSION = YES;
				CLANG_WARN_INT_CONVERSION = YES;
				CLANG_WARN_NON_LITERAL_NULL_CONVERSION = YES;
				CLANG_WARN_OBJC_IMPLICIT_RETAIN_SELF = YES;
				CLANG_WARN_OBJC_LITERAL_CONVERSION = YES;
				CLANG_WARN_OBJC_ROOT_CLASS = YES_ERROR;
				CLANG_WARN_QUOTED_INCLUDE_IN_FRAMEWORK_HEADER = YES;
				CLANG_WARN_RANGE_LOOP_ANALYSIS = YES;
				CLANG_WARN_STRICT_PROTOTYPES = YES;
				CLANG_WARN_SUSPICIOUS_MOVE = YES;
				CLANG_WARN_UNGUARDED_AVAILABILITY = YES_AGGRESSIVE;
				CLANG_WARN_UNREACHABLE_CODE = YES;
				CLANG_WARN__DUPLICATE_METHOD_MATCH = YES;
				COPY_PHASE_STRIP = NO;
				DEBUG_INFORMATION_FORMAT = "dwarf-with-dsym";
				ENABLE_NS_ASSERTIONS = NO;
				ENABLE_STRICT_OBJC_MSGSEND = YES;
				GCC_C_LANGUAGE_STANDARD = gnu11;
				GCC_NO_COMMON_BLOCKS = YES;
				GCC_WARN_64_TO_32_BIT_CONVERSION = YES;
				GCC_WARN_ABOUT_RETURN_TYPE = YES_ERROR;
				GCC_WARN_UNDECLARED_SELECTOR = YES;
				GCC_WARN_UNINITIALIZED_AUTOS = YES_AGGRESSIVE;
				GCC_WARN_UNUSED_FUNCTION = YES;
				GCC_WARN_UNUSED_VARIABLE = YES;
				IPHONEOS_DEPLOYMENT_TARGET = 15.2;
				MTL_ENABLE_DEBUG_INFO = NO;
				MTL_FAST_MATH = YES;
				SDKROOT = iphoneos;
				SWIFT_COMPILATION_MODE = wholemodule;
				SWIFT_OPTIMIZATION_LEVEL = "-O";
				VALIDATE_PRODUCT = YES;
			};
			name = Release;
		};
		3AFF6F0E279E54DE007A36DE /* Debug */ = {
			isa = XCBuildConfiguration;
			baseConfigurationReference = 0CD59D3B7574914F02005FA9 /* Pods-xx_wskpolice.debug.xcconfig */;
			buildSettings = {
				ASSETCATALOG_COMPILER_APPICON_NAME = AppIcon;
				ASSETCATALOG_COMPILER_GLOBAL_ACCENT_COLOR_NAME = AccentColor;
				CODE_SIGN_STYLE = Automatic;
				CURRENT_PROJECT_VERSION = 1;
				DEVELOPMENT_ASSET_PATHS = "\"xx_wskpolice/Preview Content\"";
				DEVELOPMENT_TEAM = 73S8J9N7ZU;
				ENABLE_PREVIEWS = YES;
				GENERATE_INFOPLIST_FILE = YES;
				INFOPLIST_FILE = "xx-wskpolice-Info.plist";
				INFOPLIST_KEY_UIApplicationSceneManifest_Generation = YES;
				INFOPLIST_KEY_UIApplicationSupportsIndirectInputEvents = YES;
				INFOPLIST_KEY_UILaunchScreen_Generation = YES;
				INFOPLIST_KEY_UISupportedInterfaceOrientations_iPad = "UIInterfaceOrientationPortrait UIInterfaceOrientationPortraitUpsideDown UIInterfaceOrientationLandscapeLeft UIInterfaceOrientationLandscapeRight";
				INFOPLIST_KEY_UISupportedInterfaceOrientations_iPhone = "UIInterfaceOrientationPortrait UIInterfaceOrientationLandscapeLeft UIInterfaceOrientationLandscapeRight";
				LD_RUNPATH_SEARCH_PATHS = (
					"$(inherited)",
					"@executable_path/Frameworks",
				);
				MARKETING_VERSION = 1.0;
				PRODUCT_BUNDLE_IDENTIFIER = "KriDan.xx-wskpolice";
				PRODUCT_NAME = "$(TARGET_NAME)";
				SWIFT_EMIT_LOC_STRINGS = YES;
				SWIFT_VERSION = 5.0;
				TARGETED_DEVICE_FAMILY = "1,2";
			};
			name = Debug;
		};
		3AFF6F0F279E54DE007A36DE /* Release */ = {
			isa = XCBuildConfiguration;
			baseConfigurationReference = 0478CA2A83BC341E28D7EA2E /* Pods-xx_wskpolice.release.xcconfig */;
			buildSettings = {
				ASSETCATALOG_COMPILER_APPICON_NAME = AppIcon;
				ASSETCATALOG_COMPILER_GLOBAL_ACCENT_COLOR_NAME = AccentColor;
				CODE_SIGN_STYLE = Automatic;
				CURRENT_PROJECT_VERSION = 1;
				DEVELOPMENT_ASSET_PATHS = "\"xx_wskpolice/Preview Content\"";
				DEVELOPMENT_TEAM = 73S8J9N7ZU;
				ENABLE_PREVIEWS = YES;
				GENERATE_INFOPLIST_FILE = YES;
				INFOPLIST_FILE = "xx-wskpolice-Info.plist";
				INFOPLIST_KEY_UIApplicationSceneManifest_Generation = YES;
				INFOPLIST_KEY_UIApplicationSupportsIndirectInputEvents = YES;
				INFOPLIST_KEY_UILaunchScreen_Generation = YES;
				INFOPLIST_KEY_UISupportedInterfaceOrientations_iPad = "UIInterfaceOrientationPortrait UIInterfaceOrientationPortraitUpsideDown UIInterfaceOrientationLandscapeLeft UIInterfaceOrientationLandscapeRight";
				INFOPLIST_KEY_UISupportedInterfaceOrientations_iPhone = "UIInterfaceOrientationPortrait UIInterfaceOrientationLandscapeLeft UIInterfaceOrientationLandscapeRight";
				LD_RUNPATH_SEARCH_PATHS = (
					"$(inherited)",
					"@executable_path/Frameworks",
				);
				MARKETING_VERSION = 1.0;
				PRODUCT_BUNDLE_IDENTIFIER = "KriDan.xx-wskpolice";
				PRODUCT_NAME = "$(TARGET_NAME)";
				SWIFT_EMIT_LOC_STRINGS = YES;
				SWIFT_VERSION = 5.0;
				TARGETED_DEVICE_FAMILY = "1,2";
			};
			name = Release;
		};
/* End XCBuildConfiguration section */

/* Begin XCConfigurationList section */
		3AFF6EFA279E54DD007A36DE /* Build configuration list for PBXProject "xx_wskpolice" */ = {
			isa = XCConfigurationList;
			buildConfigurations = (
				3AFF6F0B279E54DE007A36DE /* Debug */,
				3AFF6F0C279E54DE007A36DE /* Release */,
			);
			defaultConfigurationIsVisible = 0;
			defaultConfigurationName = Release;
		};
		3AFF6F0D279E54DE007A36DE /* Build configuration list for PBXNativeTarget "xx_wskpolice" */ = {
			isa = XCConfigurationList;
			buildConfigurations = (
				3AFF6F0E279E54DE007A36DE /* Debug */,
				3AFF6F0F279E54DE007A36DE /* Release */,
			);
			defaultConfigurationIsVisible = 0;
			defaultConfigurationName = Release;
		};
/* End XCConfigurationList section */
	};
	rootObject = 3AFF6EF7279E54DD007A36DE /* Project object */;
}
